
Microsoft Visual Studio Solution File, Format Version 12.00
# Visual Studio 15
VisualStudioVersion = 15.0.28307.421
MinimumVisualStudioVersion = 10.0.40219.1
Project("{8BC9CEB8-8B4A-11D0-8D11-00A0C91BC942}") = "TTauri", "TTauri.vcxproj", "{DDDBBD16-6C96-4B76-B7B4-E7BD65FE635A}"
EndProject
Project("{8BC9CEB8-8B4A-11D0-8D11-00A0C91BC942}") = "TTauriDevelopmentApplication", "TTauriDevelopmentApplication\TTauriDevelopmentApplication.vcxproj", "{28FF1163-1D7D-4242-A65A-54E0628367E6}"
EndProject
Project("{8BC9CEB8-8B4A-11D0-8D11-00A0C91BC942}") = "TTauriUnitTests", "TTauriUnitTests\TTauriUnitTests.vcxproj", "{405656D1-B938-442F-864C-969B37FAF7C9}"
EndProject
Global
	GlobalSection(SolutionConfigurationPlatforms) = preSolution
		Debug|x64 = Debug|x64
		Debug|x86 = Debug|x86
		Release|x64 = Release|x64
		Release|x86 = Release|x86
	EndGlobalSection
	GlobalSection(ProjectConfigurationPlatforms) = postSolution
		{DDDBBD16-6C96-4B76-B7B4-E7BD65FE635A}.Debug|x64.ActiveCfg = Debug|x64
		{DDDBBD16-6C96-4B76-B7B4-E7BD65FE635A}.Debug|x64.Build.0 = Debug|x64
		{DDDBBD16-6C96-4B76-B7B4-E7BD65FE635A}.Debug|x86.ActiveCfg = Debug|x64
		{DDDBBD16-6C96-4B76-B7B4-E7BD65FE635A}.Debug|x86.Build.0 = Debug|x64
		{DDDBBD16-6C96-4B76-B7B4-E7BD65FE635A}.Release|x64.ActiveCfg = Debug|x64
		{DDDBBD16-6C96-4B76-B7B4-E7BD65FE635A}.Release|x64.Build.0 = Debug|x64
		{DDDBBD16-6C96-4B76-B7B4-E7BD65FE635A}.Release|x86.ActiveCfg = Debug|x64
		{DDDBBD16-6C96-4B76-B7B4-E7BD65FE635A}.Release|x86.Build.0 = Debug|x64
		{28FF1163-1D7D-4242-A65A-54E0628367E6}.Debug|x64.ActiveCfg = Debug|x64
		{28FF1163-1D7D-4242-A65A-54E0628367E6}.Debug|x64.Build.0 = Debug|x64
		{28FF1163-1D7D-4242-A65A-54E0628367E6}.Debug|x86.ActiveCfg = Debug|x64
		{28FF1163-1D7D-4242-A65A-54E0628367E6}.Debug|x86.Build.0 = Debug|x64
		{28FF1163-1D7D-4242-A65A-54E0628367E6}.Release|x64.ActiveCfg = Debug|x64
		{28FF1163-1D7D-4242-A65A-54E0628367E6}.Release|x64.Build.0 = Debug|x64
		{28FF1163-1D7D-4242-A65A-54E0628367E6}.Release|x86.ActiveCfg = Debug|x64
		{28FF1163-1D7D-4242-A65A-54E0628367E6}.Release|x86.Build.0 = Debug|x64
		{405656D1-B938-442F-864C-969B37FAF7C9}.Debug|x64.ActiveCfg = Debug|x64
		{405656D1-B938-442F-864C-969B37FAF7C9}.Debug|x64.Build.0 = Debug|x64
		{405656D1-B938-442F-864C-969B37FAF7C9}.Debug|x86.ActiveCfg = Debug|Win32
		{405656D1-B938-442F-864C-969B37FAF7C9}.Debug|x86.Build.0 = Debug|Win32
		{405656D1-B938-442F-864C-969B37FAF7C9}.Release|x64.ActiveCfg = Release|x64
		{405656D1-B938-442F-864C-969B37FAF7C9}.Release|x64.Build.0 = Release|x64
		{405656D1-B938-442F-864C-969B37FAF7C9}.Release|x86.ActiveCfg = Release|Win32
		{405656D1-B938-442F-864C-969B37FAF7C9}.Release|x86.Build.0 = Release|Win32
	EndGlobalSection
	GlobalSection(SolutionProperties) = preSolution
		HideSolutionNode = FALSE
	EndGlobalSection
	GlobalSection(ExtensibilityGlobals) = postSolution
		SolutionGuid = {929E1BAE-75C2-49A6-A480-0CFA568685B0}
	EndGlobalSection
EndGlobal
