<?xml version="1.0" encoding="utf-8"?>
<Project ToolsVersion="4.0" xmlns="http://schemas.microsoft.com/developer/msbuild/2003">
  <ItemGroup>
    <Filter Include="TTauri">
      <UniqueIdentifier>{b0f5582c-92db-48ad-bf7c-e9a19c7a7f62}</UniqueIdentifier>
    </Filter>
    <Filter Include="TTauri\GUI">
      <UniqueIdentifier>{3c463c0a-2c99-485d-a03a-8b5b258ebd90}</UniqueIdentifier>
    </Filter>
  </ItemGroup>
  <ItemGroup>
    <ClCompile Include="TTauri\Application.cpp">
      <Filter>TTauri</Filter>
    </ClCompile>
    <ClCompile Include="TTauri\Logging.cpp">
      <Filter>TTauri</Filter>
    </ClCompile>
    <ClCompile Include="TTauri\Time.cpp">
      <Filter>TTauri</Filter>
    </ClCompile>
    <ClCompile Include="TTauri\Timestamp.cpp">
      <Filter>TTauri</Filter>
    </ClCompile>
    <ClCompile Include="TTauri\GUI\Device.cpp">
      <Filter>TTauri\GUI</Filter>
    </ClCompile>
    <ClCompile Include="TTauri\GUI\ImageView.cpp">
      <Filter>TTauri\GUI</Filter>
    </ClCompile>
    <ClCompile Include="TTauri\GUI\Instance.cpp">
      <Filter>TTauri\GUI</Filter>
    </ClCompile>
    <ClCompile Include="TTauri\GUI\Pipeline.cpp">
      <Filter>TTauri\GUI</Filter>
    </ClCompile>
    <ClCompile Include="TTauri\GUI\View.cpp">
      <Filter>TTauri\GUI</Filter>
    </ClCompile>
    <ClCompile Include="TTauri\GUI\vulkan_utils.cpp">
      <Filter>TTauri\GUI</Filter>
    </ClCompile>
    <ClCompile Include="TTauri\GUI\Window.cpp">
      <Filter>TTauri\GUI</Filter>
    </ClCompile>
    <ClCompile Include="TTauri\GUI\WindowView.cpp">
      <Filter>TTauri\GUI</Filter>
    </ClCompile>
    <ClCompile Include="TTauri\Application_win32.cpp">
      <Filter>TTauri</Filter>
    </ClCompile>
    <ClCompile Include="TTauri\GUI\Instance_vulkan.cpp">
      <Filter>TTauri\GUI</Filter>
    </ClCompile>
    <ClCompile Include="TTauri\GUI\Instance_vulkan_win32.cpp">
      <Filter>TTauri\GUI</Filter>
    </ClCompile>
    <ClCompile Include="TTauri\GUI\Window_vulkan.cpp">
      <Filter>TTauri\GUI</Filter>
    </ClCompile>
    <ClCompile Include="TTauri\GUI\Window_vulkan_win32.cpp">
      <Filter>TTauri\GUI</Filter>
    </ClCompile>
    <ClCompile Include="TTauri\GUI\Device_vulkan.cpp">
      <Filter>TTauri\GUI</Filter>
    </ClCompile>
    <ClCompile Include="TTauri\GUI\BackingPipeline_vulkan.cpp">
      <Filter>TTauri\GUI</Filter>
    </ClCompile>
    <ClCompile Include="TTauri\GUI\Pipeline_vulkan.cpp">
      <Filter>TTauri\GUI</Filter>
    </ClCompile>
    <ClCompile Include="TTauri\strings.cpp">
      <Filter>TTauri</Filter>
    </ClCompile>
  </ItemGroup>
  <ItemGroup>
    <ClInclude Include="TTauri\Application.hpp">
      <Filter>TTauri</Filter>
    </ClInclude>
    <ClInclude Include="TTauri\Logging.hpp">
      <Filter>TTauri</Filter>
    </ClInclude>
    <ClInclude Include="TTauri\Time.hpp">
      <Filter>TTauri</Filter>
    </ClInclude>
    <ClInclude Include="TTauri\Timestamp.hpp">
      <Filter>TTauri</Filter>
    </ClInclude>
    <ClInclude Include="TTauri\GUI\Device.hpp">
      <Filter>TTauri\GUI</Filter>
    </ClInclude>
    <ClInclude Include="TTauri\GUI\ImageView.hpp">
      <Filter>TTauri\GUI</Filter>
    </ClInclude>
    <ClInclude Include="TTauri\GUI\Instance.hpp">
      <Filter>TTauri\GUI</Filter>
    </ClInclude>
    <ClInclude Include="TTauri\GUI\Pipeline.hpp">
      <Filter>TTauri\GUI</Filter>
    </ClInclude>
    <ClInclude Include="TTauri\GUI\View.hpp">
      <Filter>TTauri\GUI</Filter>
    </ClInclude>
    <ClInclude Include="TTauri\GUI\vulkan_utils.hpp">
      <Filter>TTauri\GUI</Filter>
    </ClInclude>
    <ClInclude Include="TTauri\GUI\Window.hpp">
      <Filter>TTauri\GUI</Filter>
    </ClInclude>
    <ClInclude Include="TTauri\GUI\config.hpp">
      <Filter>TTauri\GUI</Filter>
    </ClInclude>
    <ClInclude Include="TTauri\GUI\WindowView.hpp">
      <Filter>TTauri\GUI</Filter>
    </ClInclude>
    <ClInclude Include="TTauri\utils.hpp">
      <Filter>TTauri</Filter>
    </ClInclude>
    <ClInclude Include="TTauri\Application_win32.hpp">
      <Filter>TTauri</Filter>
    </ClInclude>
    <ClInclude Include="TTauri\GUI\Instance_vulkan.hpp">
      <Filter>TTauri\GUI</Filter>
    </ClInclude>
    <ClInclude Include="TTauri\GUI\Instance_vulkan_win32.hpp">
      <Filter>TTauri\GUI</Filter>
    </ClInclude>
    <ClInclude Include="TTauri\GUI\Window_vulkan.hpp">
      <Filter>TTauri\GUI</Filter>
    </ClInclude>
    <ClInclude Include="TTauri\GUI\Window_vulkan_win32.hpp">
      <Filter>TTauri\GUI</Filter>
    </ClInclude>
    <ClInclude Include="TTauri\GUI\Device_vulkan.hpp">
      <Filter>TTauri\GUI</Filter>
    </ClInclude>
    <ClInclude Include="TTauri\GUI\BackingPipeline_vulkan.hpp">
      <Filter>TTauri\GUI</Filter>
    </ClInclude>
    <ClInclude Include="TTauri\GUI\Pipeline_vulkan.hpp">
      <Filter>TTauri\GUI</Filter>
    </ClInclude>
    <ClInclude Include="TTauri\strings.hpp">
      <Filter>TTauri</Filter>
    </ClInclude>
  </ItemGroup>
  <ItemGroup>
    <None Include="TTauri\GUI\BackingPipeline_vulkan.frag">
      <Filter>TTauri\GUI</Filter>
    </None>
    <None Include="TTauri\GUI\BackingPipeline_vulkan.vert">
      <Filter>TTauri\GUI</Filter>
    </None>
  </ItemGroup>
</Project>