// !$*UTF8*$!
{
	archiveVersion = 1;
	classes = {
	};
	objectVersion = 50;
	objects = {

/* Begin PBXBuildFile section */
		686C02CE2231A8A4002F4063 /* Application.cpp in Sources */ = {isa = PBXBuildFile; fileRef = 686C02C62231A8A3002F4063 /* Application.cpp */; };
		686C02CF2231A8A4002F4063 /* Application.cpp in Sources */ = {isa = PBXBuildFile; fileRef = 686C02C62231A8A3002F4063 /* Application.cpp */; };
		686C02D02231A8A4002F4063 /* Application.cpp in Sources */ = {isa = PBXBuildFile; fileRef = 686C02C62231A8A3002F4063 /* Application.cpp */; };
		686C02D12231A8A4002F4063 /* Timestamp.cpp in Sources */ = {isa = PBXBuildFile; fileRef = 686C02C82231A8A3002F4063 /* Timestamp.cpp */; };
		686C02D22231A8A4002F4063 /* Timestamp.cpp in Sources */ = {isa = PBXBuildFile; fileRef = 686C02C82231A8A3002F4063 /* Timestamp.cpp */; };
		686C02D32231A8A4002F4063 /* Timestamp.cpp in Sources */ = {isa = PBXBuildFile; fileRef = 686C02C82231A8A3002F4063 /* Timestamp.cpp */; };
		686C02D42231A8A4002F4063 /* Time.cpp in Sources */ = {isa = PBXBuildFile; fileRef = 686C02CA2231A8A4002F4063 /* Time.cpp */; };
		686C02D52231A8A4002F4063 /* Time.cpp in Sources */ = {isa = PBXBuildFile; fileRef = 686C02CA2231A8A4002F4063 /* Time.cpp */; };
		686C02D62231A8A4002F4063 /* Time.cpp in Sources */ = {isa = PBXBuildFile; fileRef = 686C02CA2231A8A4002F4063 /* Time.cpp */; };
		686C02D72231A8A4002F4063 /* Logging.cpp in Sources */ = {isa = PBXBuildFile; fileRef = 686C02CC2231A8A4002F4063 /* Logging.cpp */; };
		686C02D82231A8A4002F4063 /* Logging.cpp in Sources */ = {isa = PBXBuildFile; fileRef = 686C02CC2231A8A4002F4063 /* Logging.cpp */; };
		686C02D92231A8A4002F4063 /* Logging.cpp in Sources */ = {isa = PBXBuildFile; fileRef = 686C02CC2231A8A4002F4063 /* Logging.cpp */; };
		686C02F62231A8D7002F4063 /* Pipeline.cpp in Sources */ = {isa = PBXBuildFile; fileRef = 686C02DB2231A8D5002F4063 /* Pipeline.cpp */; };
		686C02F72231A8D7002F4063 /* Pipeline.cpp in Sources */ = {isa = PBXBuildFile; fileRef = 686C02DB2231A8D5002F4063 /* Pipeline.cpp */; };
		686C02F82231A8D7002F4063 /* Pipeline.cpp in Sources */ = {isa = PBXBuildFile; fileRef = 686C02DB2231A8D5002F4063 /* Pipeline.cpp */; };
		686C02F92231A8D7002F4063 /* View.cpp in Sources */ = {isa = PBXBuildFile; fileRef = 686C02DC2231A8D6002F4063 /* View.cpp */; };
		686C02FA2231A8D7002F4063 /* View.cpp in Sources */ = {isa = PBXBuildFile; fileRef = 686C02DC2231A8D6002F4063 /* View.cpp */; };
		686C02FB2231A8D7002F4063 /* View.cpp in Sources */ = {isa = PBXBuildFile; fileRef = 686C02DC2231A8D6002F4063 /* View.cpp */; };
		686C02FF2231A8D7002F4063 /* Instance.cpp in Sources */ = {isa = PBXBuildFile; fileRef = 686C02E22231A8D6002F4063 /* Instance.cpp */; };
		686C03002231A8D7002F4063 /* Instance.cpp in Sources */ = {isa = PBXBuildFile; fileRef = 686C02E22231A8D6002F4063 /* Instance.cpp */; };
		686C03012231A8D7002F4063 /* Instance.cpp in Sources */ = {isa = PBXBuildFile; fileRef = 686C02E22231A8D6002F4063 /* Instance.cpp */; };
		686C03022231A8D7002F4063 /* BackingPipeline.cpp in Sources */ = {isa = PBXBuildFile; fileRef = 686C02E32231A8D6002F4063 /* BackingPipeline.cpp */; };
		686C03032231A8D7002F4063 /* BackingPipeline.cpp in Sources */ = {isa = PBXBuildFile; fileRef = 686C02E32231A8D6002F4063 /* BackingPipeline.cpp */; };
		686C03042231A8D7002F4063 /* BackingPipeline.cpp in Sources */ = {isa = PBXBuildFile; fileRef = 686C02E32231A8D6002F4063 /* BackingPipeline.cpp */; };
		686C03052231A8D7002F4063 /* Window.cpp in Sources */ = {isa = PBXBuildFile; fileRef = 686C02E42231A8D6002F4063 /* Window.cpp */; };
		686C03062231A8D7002F4063 /* Window.cpp in Sources */ = {isa = PBXBuildFile; fileRef = 686C02E42231A8D6002F4063 /* Window.cpp */; };
		686C03072231A8D7002F4063 /* Window.cpp in Sources */ = {isa = PBXBuildFile; fileRef = 686C02E42231A8D6002F4063 /* Window.cpp */; };
		686C030B2231A8D7002F4063 /* Queue.cpp in Sources */ = {isa = PBXBuildFile; fileRef = 686C02EC2231A8D7002F4063 /* Queue.cpp */; };
		686C030C2231A8D7002F4063 /* Queue.cpp in Sources */ = {isa = PBXBuildFile; fileRef = 686C02EC2231A8D7002F4063 /* Queue.cpp */; };
		686C030D2231A8D7002F4063 /* Queue.cpp in Sources */ = {isa = PBXBuildFile; fileRef = 686C02EC2231A8D7002F4063 /* Queue.cpp */; };
		686C030E2231A8D7002F4063 /* BackingPipeline.vert in Resources */ = {isa = PBXBuildFile; fileRef = 686C02ED2231A8D7002F4063 /* BackingPipeline.vert */; };
		686C030F2231A8D7002F4063 /* BackingPipeline.vert in Resources */ = {isa = PBXBuildFile; fileRef = 686C02ED2231A8D7002F4063 /* BackingPipeline.vert */; };
		686C03102231A8D7002F4063 /* BackingPipeline.vert in Resources */ = {isa = PBXBuildFile; fileRef = 686C02ED2231A8D7002F4063 /* BackingPipeline.vert */; };
		686C03112231A8D7002F4063 /* ImageView.cpp in Sources */ = {isa = PBXBuildFile; fileRef = 686C02EE2231A8D7002F4063 /* ImageView.cpp */; };
		686C03122231A8D7002F4063 /* ImageView.cpp in Sources */ = {isa = PBXBuildFile; fileRef = 686C02EE2231A8D7002F4063 /* ImageView.cpp */; };
		686C03132231A8D7002F4063 /* ImageView.cpp in Sources */ = {isa = PBXBuildFile; fileRef = 686C02EE2231A8D7002F4063 /* ImageView.cpp */; };
		686C03142231A8D7002F4063 /* QueueCapabilities.cpp in Sources */ = {isa = PBXBuildFile; fileRef = 686C02F02231A8D7002F4063 /* QueueCapabilities.cpp */; };
		686C03152231A8D7002F4063 /* QueueCapabilities.cpp in Sources */ = {isa = PBXBuildFile; fileRef = 686C02F02231A8D7002F4063 /* QueueCapabilities.cpp */; };
		686C03162231A8D7002F4063 /* QueueCapabilities.cpp in Sources */ = {isa = PBXBuildFile; fileRef = 686C02F02231A8D7002F4063 /* QueueCapabilities.cpp */; };
		686C03172231A8D7002F4063 /* vulkan_utils.cpp in Sources */ = {isa = PBXBuildFile; fileRef = 686C02F12231A8D7002F4063 /* vulkan_utils.cpp */; };
		686C03182231A8D7002F4063 /* vulkan_utils.cpp in Sources */ = {isa = PBXBuildFile; fileRef = 686C02F12231A8D7002F4063 /* vulkan_utils.cpp */; };
		686C03192231A8D7002F4063 /* vulkan_utils.cpp in Sources */ = {isa = PBXBuildFile; fileRef = 686C02F12231A8D7002F4063 /* vulkan_utils.cpp */; };
		686C031A2231A8D7002F4063 /* Device.cpp in Sources */ = {isa = PBXBuildFile; fileRef = 686C02F22231A8D7002F4063 /* Device.cpp */; };
		686C031B2231A8D7002F4063 /* Device.cpp in Sources */ = {isa = PBXBuildFile; fileRef = 686C02F22231A8D7002F4063 /* Device.cpp */; };
		686C031C2231A8D7002F4063 /* Device.cpp in Sources */ = {isa = PBXBuildFile; fileRef = 686C02F22231A8D7002F4063 /* Device.cpp */; };
		686C031D2231A8D7002F4063 /* GUI.cpp in Sources */ = {isa = PBXBuildFile; fileRef = 686C02F32231A8D7002F4063 /* GUI.cpp */; };
		686C031E2231A8D7002F4063 /* GUI.cpp in Sources */ = {isa = PBXBuildFile; fileRef = 686C02F32231A8D7002F4063 /* GUI.cpp */; };
		686C031F2231A8D7002F4063 /* GUI.cpp in Sources */ = {isa = PBXBuildFile; fileRef = 686C02F32231A8D7002F4063 /* GUI.cpp */; };
		686C03202231A8D7002F4063 /* BackingPipeline.frag in Resources */ = {isa = PBXBuildFile; fileRef = 686C02F52231A8D7002F4063 /* BackingPipeline.frag */; };
		686C03212231A8D7002F4063 /* BackingPipeline.frag in Resources */ = {isa = PBXBuildFile; fileRef = 686C02F52231A8D7002F4063 /* BackingPipeline.frag */; };
		686C03222231A8D7002F4063 /* BackingPipeline.frag in Resources */ = {isa = PBXBuildFile; fileRef = 686C02F52231A8D7002F4063 /* BackingPipeline.frag */; };
		686C03232231A971002F4063 /* Application.hpp in CopyFiles */ = {isa = PBXBuildFile; fileRef = 686C02CB2231A8A4002F4063 /* Application.hpp */; };
		686C03242231A971002F4063 /* Logging.hpp in CopyFiles */ = {isa = PBXBuildFile; fileRef = 686C02C92231A8A4002F4063 /* Logging.hpp */; };
		686C03252231A971002F4063 /* Time.hpp in CopyFiles */ = {isa = PBXBuildFile; fileRef = 686C02C72231A8A3002F4063 /* Time.hpp */; };
		686C03262231A971002F4063 /* Timestamp.hpp in CopyFiles */ = {isa = PBXBuildFile; fileRef = 686C02CD2231A8A4002F4063 /* Timestamp.hpp */; };
		686C03272231A989002F4063 /* BackingPipeline.hpp in CopyFiles */ = {isa = PBXBuildFile; fileRef = 686C02EA2231A8D6002F4063 /* BackingPipeline.hpp */; };
		686C03282231A989002F4063 /* Device.hpp in CopyFiles */ = {isa = PBXBuildFile; fileRef = 686C02DD2231A8D6002F4063 /* Device.hpp */; };
		686C03292231A989002F4063 /* GUI.hpp in CopyFiles */ = {isa = PBXBuildFile; fileRef = 686C02E82231A8D6002F4063 /* GUI.hpp */; };
		686C032A2231A989002F4063 /* ImageView.hpp in CopyFiles */ = {isa = PBXBuildFile; fileRef = 686C02E52231A8D6002F4063 /* ImageView.hpp */; };
		686C032B2231A989002F4063 /* Instance.hpp in CopyFiles */ = {isa = PBXBuildFile; fileRef = 686C02DA2231A8D5002F4063 /* Instance.hpp */; };
		686C032C2231A989002F4063 /* Pipeline.hpp in CopyFiles */ = {isa = PBXBuildFile; fileRef = 686C02E92231A8D6002F4063 /* Pipeline.hpp */; };
		686C032D2231A989002F4063 /* Queue.hpp in CopyFiles */ = {isa = PBXBuildFile; fileRef = 686C02E02231A8D6002F4063 /* Queue.hpp */; };
		686C032E2231A989002F4063 /* QueueCapabilities.hpp in CopyFiles */ = {isa = PBXBuildFile; fileRef = 686C02E12231A8D6002F4063 /* QueueCapabilities.hpp */; };
		686C03312231A989002F4063 /* View.hpp in CopyFiles */ = {isa = PBXBuildFile; fileRef = 686C02E62231A8D6002F4063 /* View.hpp */; };
		686C03322231A989002F4063 /* vulkan_utils.hpp in CopyFiles */ = {isa = PBXBuildFile; fileRef = 686C02EF2231A8D7002F4063 /* vulkan_utils.hpp */; };
		686C03332231A989002F4063 /* Window.hpp in CopyFiles */ = {isa = PBXBuildFile; fileRef = 686C02EB2231A8D6002F4063 /* Window.hpp */; };
		68A9A0622208FC3600457876 /* libboost_system.a in Frameworks */ = {isa = PBXBuildFile; fileRef = 68A9A0612208FC3600457876 /* libboost_system.a */; };
		68A9A0642208FC4100457876 /* libboost_filesystem.a in Frameworks */ = {isa = PBXBuildFile; fileRef = 68A9A0632208FC4100457876 /* libboost_filesystem.a */; };
		68A9A07A220B2F9500457876 /* libboost_thread.a in Frameworks */ = {isa = PBXBuildFile; fileRef = 68A9A079220B2F9500457876 /* libboost_thread.a */; };
		68BF1EE42236EBF10008955B /* WindowView.cpp in Sources */ = {isa = PBXBuildFile; fileRef = 68BF1EE32236EBF10008955B /* WindowView.cpp */; };
		68BF1EE52236EBF10008955B /* WindowView.cpp in Sources */ = {isa = PBXBuildFile; fileRef = 68BF1EE32236EBF10008955B /* WindowView.cpp */; };
		68BF1EE62236EBF10008955B /* WindowView.cpp in Sources */ = {isa = PBXBuildFile; fileRef = 68BF1EE32236EBF10008955B /* WindowView.cpp */; };
		68BF1EE72236EC1E0008955B /* config.hpp in CopyFiles */ = {isa = PBXBuildFile; fileRef = 68BF1EE22236EBF10008955B /* config.hpp */; };
		68BF1EE82236EC240008955B /* WindowView.hpp in CopyFiles */ = {isa = PBXBuildFile; fileRef = 68BF1EE12236EBF10008955B /* WindowView.hpp */; };
		68C8446622398A9800AC6B0F /* utils.hpp in CopyFiles */ = {isa = PBXBuildFile; fileRef = 68C8446522398A9000AC6B0F /* utils.hpp */; };
		68D07C1F220CDF19005EFAB2 /* libboost_log.a in Frameworks */ = {isa = PBXBuildFile; fileRef = 68D07C1E220CDF18005EFAB2 /* libboost_log.a */; };
		68DFA8D722032B8B005D9413 /* MoltenVK.framework in Frameworks */ = {isa = PBXBuildFile; fileRef = 68DFA8D622032B8A005D9413 /* MoltenVK.framework */; };
		68DFA8D92203315C005D9413 /* MoltenVKView.mm in Sources */ = {isa = PBXBuildFile; fileRef = 68DFA8D82203315C005D9413 /* MoltenVKView.mm */; };
		68F2627C22030EA70078E5E4 /* AppDelegate.m in Sources */ = {isa = PBXBuildFile; fileRef = 68F2627B22030EA70078E5E4 /* AppDelegate.m */; };
		68F2627F22030EA70078E5E4 /* GameViewController.m in Sources */ = {isa = PBXBuildFile; fileRef = 68F2627E22030EA70078E5E4 /* GameViewController.m */; };
		68F2628222030EA70078E5E4 /* Main.storyboard in Resources */ = {isa = PBXBuildFile; fileRef = 68F2628022030EA70078E5E4 /* Main.storyboard */; };
		68F2628522030EA70078E5E4 /* LaunchScreen.storyboard in Resources */ = {isa = PBXBuildFile; fileRef = 68F2628322030EA70078E5E4 /* LaunchScreen.storyboard */; };
		68F2628822030EA70078E5E4 /* main.m in Sources */ = {isa = PBXBuildFile; fileRef = 68F2628722030EA70078E5E4 /* main.m */; };
		68F2629122030EA70078E5E4 /* AppDelegate.m in Sources */ = {isa = PBXBuildFile; fileRef = 68F2629022030EA70078E5E4 /* AppDelegate.m */; };
		68F2629422030EA70078E5E4 /* GameViewController.m in Sources */ = {isa = PBXBuildFile; fileRef = 68F2629322030EA70078E5E4 /* GameViewController.m */; };
		68F2629722030EA70078E5E4 /* Main.storyboard in Resources */ = {isa = PBXBuildFile; fileRef = 68F2629522030EA70078E5E4 /* Main.storyboard */; };
		68F2629A22030EA70078E5E4 /* main.m in Sources */ = {isa = PBXBuildFile; fileRef = 68F2629922030EA70078E5E4 /* main.m */; };
		68F262A322030EA70078E5E4 /* AppDelegate.m in Sources */ = {isa = PBXBuildFile; fileRef = 68F262A222030EA70078E5E4 /* AppDelegate.m */; };
		68F262A622030EA70078E5E4 /* MoltenVKViewController.mm in Sources */ = {isa = PBXBuildFile; fileRef = 68F262A522030EA70078E5E4 /* MoltenVKViewController.mm */; };
		68F262A922030EA70078E5E4 /* Main.storyboard in Resources */ = {isa = PBXBuildFile; fileRef = 68F262A722030EA70078E5E4 /* Main.storyboard */; };
		68F262AC22030EA70078E5E4 /* main.m in Sources */ = {isa = PBXBuildFile; fileRef = 68F262AB22030EA70078E5E4 /* main.m */; };
/* End PBXBuildFile section */

/* Begin PBXCopyFilesBuildPhase section */
		68A9A080220BB12C00457876 /* CopyFiles */ = {
			isa = PBXCopyFilesBuildPhase;
			buildActionMask = 2147483647;
			dstPath = include/TTauri/GUI;
			dstSubfolderSpec = 16;
			files = (
				686C03272231A989002F4063 /* BackingPipeline.hpp in CopyFiles */,
				686C03282231A989002F4063 /* Device.hpp in CopyFiles */,
				686C03292231A989002F4063 /* GUI.hpp in CopyFiles */,
				686C032A2231A989002F4063 /* ImageView.hpp in CopyFiles */,
				686C032B2231A989002F4063 /* Instance.hpp in CopyFiles */,
				686C032C2231A989002F4063 /* Pipeline.hpp in CopyFiles */,
				686C032D2231A989002F4063 /* Queue.hpp in CopyFiles */,
				686C032E2231A989002F4063 /* QueueCapabilities.hpp in CopyFiles */,
				686C03312231A989002F4063 /* View.hpp in CopyFiles */,
				686C03322231A989002F4063 /* vulkan_utils.hpp in CopyFiles */,
				686C03332231A989002F4063 /* Window.hpp in CopyFiles */,
				68BF1EE72236EC1E0008955B /* config.hpp in CopyFiles */,
				68BF1EE82236EC240008955B /* WindowView.hpp in CopyFiles */,
			);
			runOnlyForDeploymentPostprocessing = 0;
		};
		68C6C3B0220CCC7100B39337 /* CopyFiles */ = {
			isa = PBXCopyFilesBuildPhase;
			buildActionMask = 2147483647;
			dstPath = include/TTauri;
			dstSubfolderSpec = 16;
			files = (
				686C03232231A971002F4063 /* Application.hpp in CopyFiles */,
				686C03242231A971002F4063 /* Logging.hpp in CopyFiles */,
				686C03252231A971002F4063 /* Time.hpp in CopyFiles */,
				686C03262231A971002F4063 /* Timestamp.hpp in CopyFiles */,
				68C8446622398A9800AC6B0F /* utils.hpp in CopyFiles */,
			);
			runOnlyForDeploymentPostprocessing = 0;
		};
/* End PBXCopyFilesBuildPhase section */

/* Begin PBXFileReference section */
		686C02C62231A8A3002F4063 /* Application.cpp */ = {isa = PBXFileReference; fileEncoding = 4; lastKnownFileType = sourcecode.cpp.cpp; path = Application.cpp; sourceTree = "<group>"; };
		686C02C72231A8A3002F4063 /* Time.hpp */ = {isa = PBXFileReference; fileEncoding = 4; lastKnownFileType = sourcecode.cpp.h; path = Time.hpp; sourceTree = "<group>"; };
		686C02C82231A8A3002F4063 /* Timestamp.cpp */ = {isa = PBXFileReference; fileEncoding = 4; lastKnownFileType = sourcecode.cpp.cpp; path = Timestamp.cpp; sourceTree = "<group>"; };
		686C02C92231A8A4002F4063 /* Logging.hpp */ = {isa = PBXFileReference; fileEncoding = 4; lastKnownFileType = sourcecode.cpp.h; path = Logging.hpp; sourceTree = "<group>"; };
		686C02CA2231A8A4002F4063 /* Time.cpp */ = {isa = PBXFileReference; fileEncoding = 4; lastKnownFileType = sourcecode.cpp.cpp; path = Time.cpp; sourceTree = "<group>"; };
		686C02CB2231A8A4002F4063 /* Application.hpp */ = {isa = PBXFileReference; fileEncoding = 4; lastKnownFileType = sourcecode.cpp.h; path = Application.hpp; sourceTree = "<group>"; };
		686C02CC2231A8A4002F4063 /* Logging.cpp */ = {isa = PBXFileReference; fileEncoding = 4; lastKnownFileType = sourcecode.cpp.cpp; path = Logging.cpp; sourceTree = "<group>"; };
		686C02CD2231A8A4002F4063 /* Timestamp.hpp */ = {isa = PBXFileReference; fileEncoding = 4; lastKnownFileType = sourcecode.cpp.h; path = Timestamp.hpp; sourceTree = "<group>"; };
		686C02DA2231A8D5002F4063 /* Instance.hpp */ = {isa = PBXFileReference; fileEncoding = 4; lastKnownFileType = sourcecode.cpp.h; path = Instance.hpp; sourceTree = "<group>"; };
		686C02DB2231A8D5002F4063 /* Pipeline.cpp */ = {isa = PBXFileReference; fileEncoding = 4; lastKnownFileType = sourcecode.cpp.cpp; path = Pipeline.cpp; sourceTree = "<group>"; };
		686C02DC2231A8D6002F4063 /* View.cpp */ = {isa = PBXFileReference; fileEncoding = 4; lastKnownFileType = sourcecode.cpp.cpp; path = View.cpp; sourceTree = "<group>"; };
		686C02DD2231A8D6002F4063 /* Device.hpp */ = {isa = PBXFileReference; fileEncoding = 4; lastKnownFileType = sourcecode.cpp.h; path = Device.hpp; sourceTree = "<group>"; };
		686C02E02231A8D6002F4063 /* Queue.hpp */ = {isa = PBXFileReference; fileEncoding = 4; lastKnownFileType = sourcecode.cpp.h; path = Queue.hpp; sourceTree = "<group>"; };
		686C02E12231A8D6002F4063 /* QueueCapabilities.hpp */ = {isa = PBXFileReference; fileEncoding = 4; lastKnownFileType = sourcecode.cpp.h; path = QueueCapabilities.hpp; sourceTree = "<group>"; };
		686C02E22231A8D6002F4063 /* Instance.cpp */ = {isa = PBXFileReference; fileEncoding = 4; lastKnownFileType = sourcecode.cpp.cpp; path = Instance.cpp; sourceTree = "<group>"; };
		686C02E32231A8D6002F4063 /* BackingPipeline.cpp */ = {isa = PBXFileReference; fileEncoding = 4; lastKnownFileType = sourcecode.cpp.cpp; path = BackingPipeline.cpp; sourceTree = "<group>"; };
		686C02E42231A8D6002F4063 /* Window.cpp */ = {isa = PBXFileReference; fileEncoding = 4; lastKnownFileType = sourcecode.cpp.cpp; path = Window.cpp; sourceTree = "<group>"; };
		686C02E52231A8D6002F4063 /* ImageView.hpp */ = {isa = PBXFileReference; fileEncoding = 4; lastKnownFileType = sourcecode.cpp.h; path = ImageView.hpp; sourceTree = "<group>"; };
		686C02E62231A8D6002F4063 /* View.hpp */ = {isa = PBXFileReference; fileEncoding = 4; lastKnownFileType = sourcecode.cpp.h; path = View.hpp; sourceTree = "<group>"; };
		686C02E82231A8D6002F4063 /* GUI.hpp */ = {isa = PBXFileReference; fileEncoding = 4; lastKnownFileType = sourcecode.cpp.h; path = GUI.hpp; sourceTree = "<group>"; };
		686C02E92231A8D6002F4063 /* Pipeline.hpp */ = {isa = PBXFileReference; fileEncoding = 4; lastKnownFileType = sourcecode.cpp.h; path = Pipeline.hpp; sourceTree = "<group>"; };
		686C02EA2231A8D6002F4063 /* BackingPipeline.hpp */ = {isa = PBXFileReference; fileEncoding = 4; lastKnownFileType = sourcecode.cpp.h; path = BackingPipeline.hpp; sourceTree = "<group>"; };
		686C02EB2231A8D6002F4063 /* Window.hpp */ = {isa = PBXFileReference; fileEncoding = 4; lastKnownFileType = sourcecode.cpp.h; path = Window.hpp; sourceTree = "<group>"; };
		686C02EC2231A8D7002F4063 /* Queue.cpp */ = {isa = PBXFileReference; fileEncoding = 4; lastKnownFileType = sourcecode.cpp.cpp; path = Queue.cpp; sourceTree = "<group>"; };
		686C02ED2231A8D7002F4063 /* BackingPipeline.vert */ = {isa = PBXFileReference; fileEncoding = 4; lastKnownFileType = sourcecode.glsl; path = BackingPipeline.vert; sourceTree = "<group>"; };
		686C02EE2231A8D7002F4063 /* ImageView.cpp */ = {isa = PBXFileReference; fileEncoding = 4; lastKnownFileType = sourcecode.cpp.cpp; path = ImageView.cpp; sourceTree = "<group>"; };
		686C02EF2231A8D7002F4063 /* vulkan_utils.hpp */ = {isa = PBXFileReference; fileEncoding = 4; lastKnownFileType = sourcecode.cpp.h; path = vulkan_utils.hpp; sourceTree = "<group>"; };
		686C02F02231A8D7002F4063 /* QueueCapabilities.cpp */ = {isa = PBXFileReference; fileEncoding = 4; lastKnownFileType = sourcecode.cpp.cpp; path = QueueCapabilities.cpp; sourceTree = "<group>"; };
		686C02F12231A8D7002F4063 /* vulkan_utils.cpp */ = {isa = PBXFileReference; fileEncoding = 4; lastKnownFileType = sourcecode.cpp.cpp; path = vulkan_utils.cpp; sourceTree = "<group>"; };
		686C02F22231A8D7002F4063 /* Device.cpp */ = {isa = PBXFileReference; fileEncoding = 4; lastKnownFileType = sourcecode.cpp.cpp; path = Device.cpp; sourceTree = "<group>"; };
		686C02F32231A8D7002F4063 /* GUI.cpp */ = {isa = PBXFileReference; fileEncoding = 4; lastKnownFileType = sourcecode.cpp.cpp; path = GUI.cpp; sourceTree = "<group>"; };
		686C02F52231A8D7002F4063 /* BackingPipeline.frag */ = {isa = PBXFileReference; fileEncoding = 4; lastKnownFileType = sourcecode.glsl; path = BackingPipeline.frag; sourceTree = "<group>"; };
		68A9A0612208FC3600457876 /* libboost_system.a */ = {isa = PBXFileReference; lastKnownFileType = archive.ar; name = libboost_system.a; path = ../../../../opt/boost_1_69_0/stage/lib/libboost_system.a; sourceTree = "<group>"; };
		68A9A0632208FC4100457876 /* libboost_filesystem.a */ = {isa = PBXFileReference; lastKnownFileType = archive.ar; name = libboost_filesystem.a; path = ../../../../opt/boost_1_69_0/stage/lib/libboost_filesystem.a; sourceTree = "<group>"; };
		68A9A079220B2F9500457876 /* libboost_thread.a */ = {isa = PBXFileReference; lastKnownFileType = archive.ar; name = libboost_thread.a; path = ../../../../opt/boost_1_69_0/stage/lib/libboost_thread.a; sourceTree = "<group>"; };
		68BF1EE12236EBF10008955B /* WindowView.hpp */ = {isa = PBXFileReference; fileEncoding = 4; lastKnownFileType = sourcecode.cpp.h; path = WindowView.hpp; sourceTree = "<group>"; };
		68BF1EE22236EBF10008955B /* config.hpp */ = {isa = PBXFileReference; fileEncoding = 4; lastKnownFileType = sourcecode.cpp.h; path = config.hpp; sourceTree = "<group>"; };
		68BF1EE32236EBF10008955B /* WindowView.cpp */ = {isa = PBXFileReference; fileEncoding = 4; lastKnownFileType = sourcecode.cpp.cpp; path = WindowView.cpp; sourceTree = "<group>"; };
		68C8446522398A9000AC6B0F /* utils.hpp */ = {isa = PBXFileReference; lastKnownFileType = sourcecode.cpp.h; path = utils.hpp; sourceTree = "<group>"; };
		68D07C1E220CDF18005EFAB2 /* libboost_log.a */ = {isa = PBXFileReference; lastKnownFileType = archive.ar; name = libboost_log.a; path = ../../../../opt/boost_1_69_0/stage/lib/libboost_log.a; sourceTree = "<group>"; };
		68DFA8D622032B8A005D9413 /* MoltenVK.framework */ = {isa = PBXFileReference; lastKnownFileType = wrapper.framework; name = MoltenVK.framework; path = ../../Library/Frameworks/MoltenVK.framework; sourceTree = "<group>"; };
		68DFA8D82203315C005D9413 /* MoltenVKView.mm */ = {isa = PBXFileReference; lastKnownFileType = sourcecode.cpp.objcpp; path = MoltenVKView.mm; sourceTree = "<group>"; };
		68DFA8DA2203317E005D9413 /* MoltenVKView.h */ = {isa = PBXFileReference; lastKnownFileType = sourcecode.c.h; path = MoltenVKView.h; sourceTree = "<group>"; };
		68E5D6DD221313DD00DA9792 /* XCodeCompileVulkanShaders.sh */ = {isa = PBXFileReference; lastKnownFileType = text.script.sh; path = XCodeCompileVulkanShaders.sh; sourceTree = "<group>"; };
		68F2627722030EA70078E5E4 /* TTauri.app */ = {isa = PBXFileReference; explicitFileType = wrapper.application; includeInIndex = 0; path = TTauri.app; sourceTree = BUILT_PRODUCTS_DIR; };
		68F2627A22030EA70078E5E4 /* AppDelegate.h */ = {isa = PBXFileReference; lastKnownFileType = sourcecode.c.h; path = AppDelegate.h; sourceTree = "<group>"; };
		68F2627B22030EA70078E5E4 /* AppDelegate.m */ = {isa = PBXFileReference; lastKnownFileType = sourcecode.c.objc; path = AppDelegate.m; sourceTree = "<group>"; };
		68F2627D22030EA70078E5E4 /* GameViewController.h */ = {isa = PBXFileReference; lastKnownFileType = sourcecode.c.h; path = GameViewController.h; sourceTree = "<group>"; };
		68F2627E22030EA70078E5E4 /* GameViewController.m */ = {isa = PBXFileReference; lastKnownFileType = sourcecode.c.objc; path = GameViewController.m; sourceTree = "<group>"; };
		68F2628122030EA70078E5E4 /* Base */ = {isa = PBXFileReference; lastKnownFileType = file.storyboard; name = Base; path = Base.lproj/Main.storyboard; sourceTree = "<group>"; };
		68F2628422030EA70078E5E4 /* Base */ = {isa = PBXFileReference; lastKnownFileType = file.storyboard; name = Base; path = Base.lproj/LaunchScreen.storyboard; sourceTree = "<group>"; };
		68F2628622030EA70078E5E4 /* Info.plist */ = {isa = PBXFileReference; lastKnownFileType = text.plist.xml; path = Info.plist; sourceTree = "<group>"; };
		68F2628722030EA70078E5E4 /* main.m */ = {isa = PBXFileReference; lastKnownFileType = sourcecode.c.objc; path = main.m; sourceTree = "<group>"; };
		68F2628D22030EA70078E5E4 /* TTauri.app */ = {isa = PBXFileReference; explicitFileType = wrapper.application; includeInIndex = 0; path = TTauri.app; sourceTree = BUILT_PRODUCTS_DIR; };
		68F2628F22030EA70078E5E4 /* AppDelegate.h */ = {isa = PBXFileReference; lastKnownFileType = sourcecode.c.h; path = AppDelegate.h; sourceTree = "<group>"; };
		68F2629022030EA70078E5E4 /* AppDelegate.m */ = {isa = PBXFileReference; lastKnownFileType = sourcecode.c.objc; path = AppDelegate.m; sourceTree = "<group>"; };
		68F2629222030EA70078E5E4 /* GameViewController.h */ = {isa = PBXFileReference; lastKnownFileType = sourcecode.c.h; path = GameViewController.h; sourceTree = "<group>"; };
		68F2629322030EA70078E5E4 /* GameViewController.m */ = {isa = PBXFileReference; lastKnownFileType = sourcecode.c.objc; path = GameViewController.m; sourceTree = "<group>"; };
		68F2629622030EA70078E5E4 /* Base */ = {isa = PBXFileReference; lastKnownFileType = file.storyboard; name = Base; path = Base.lproj/Main.storyboard; sourceTree = "<group>"; };
		68F2629822030EA70078E5E4 /* Info.plist */ = {isa = PBXFileReference; lastKnownFileType = text.plist.xml; path = Info.plist; sourceTree = "<group>"; };
		68F2629922030EA70078E5E4 /* main.m */ = {isa = PBXFileReference; lastKnownFileType = sourcecode.c.objc; path = main.m; sourceTree = "<group>"; };
		68F2629F22030EA70078E5E4 /* TTauri.app */ = {isa = PBXFileReference; explicitFileType = wrapper.application; includeInIndex = 0; path = TTauri.app; sourceTree = BUILT_PRODUCTS_DIR; };
		68F262A122030EA70078E5E4 /* AppDelegate.h */ = {isa = PBXFileReference; lastKnownFileType = sourcecode.c.h; path = AppDelegate.h; sourceTree = "<group>"; };
		68F262A222030EA70078E5E4 /* AppDelegate.m */ = {isa = PBXFileReference; lastKnownFileType = sourcecode.c.objc; path = AppDelegate.m; sourceTree = "<group>"; };
		68F262A422030EA70078E5E4 /* MoltenVKViewController.h */ = {isa = PBXFileReference; lastKnownFileType = sourcecode.c.h; path = MoltenVKViewController.h; sourceTree = "<group>"; };
		68F262A522030EA70078E5E4 /* MoltenVKViewController.mm */ = {isa = PBXFileReference; lastKnownFileType = sourcecode.cpp.objcpp; path = MoltenVKViewController.mm; sourceTree = "<group>"; };
		68F262A822030EA70078E5E4 /* Base */ = {isa = PBXFileReference; lastKnownFileType = file.storyboard; name = Base; path = Base.lproj/Main.storyboard; sourceTree = "<group>"; };
		68F262AA22030EA70078E5E4 /* Info.plist */ = {isa = PBXFileReference; lastKnownFileType = text.plist.xml; path = Info.plist; sourceTree = "<group>"; };
		68F262AB22030EA70078E5E4 /* main.m */ = {isa = PBXFileReference; lastKnownFileType = sourcecode.c.objc; path = main.m; sourceTree = "<group>"; };
/* End PBXFileReference section */

/* Begin PBXFrameworksBuildPhase section */
		68F2627422030EA70078E5E4 /* Frameworks */ = {
			isa = PBXFrameworksBuildPhase;
			buildActionMask = 2147483647;
			files = (
			);
			runOnlyForDeploymentPostprocessing = 0;
		};
		68F2628A22030EA70078E5E4 /* Frameworks */ = {
			isa = PBXFrameworksBuildPhase;
			buildActionMask = 2147483647;
			files = (
			);
			runOnlyForDeploymentPostprocessing = 0;
		};
		68F2629C22030EA70078E5E4 /* Frameworks */ = {
			isa = PBXFrameworksBuildPhase;
			buildActionMask = 2147483647;
			files = (
				68DFA8D722032B8B005D9413 /* MoltenVK.framework in Frameworks */,
				68A9A0622208FC3600457876 /* libboost_system.a in Frameworks */,
				68A9A0642208FC4100457876 /* libboost_filesystem.a in Frameworks */,
				68A9A07A220B2F9500457876 /* libboost_thread.a in Frameworks */,
				68D07C1F220CDF19005EFAB2 /* libboost_log.a in Frameworks */,
			);
			runOnlyForDeploymentPostprocessing = 0;
		};
/* End PBXFrameworksBuildPhase section */

/* Begin PBXGroup section */
		6838B93F2231A86E00FB8BD7 /* GUI */ = {
			isa = PBXGroup;
			children = (
				68BF1EE22236EBF10008955B /* config.hpp */,
				68BF1EE32236EBF10008955B /* WindowView.cpp */,
				68BF1EE12236EBF10008955B /* WindowView.hpp */,
				686C02E32231A8D6002F4063 /* BackingPipeline.cpp */,
				686C02F52231A8D7002F4063 /* BackingPipeline.frag */,
				686C02EA2231A8D6002F4063 /* BackingPipeline.hpp */,
				686C02ED2231A8D7002F4063 /* BackingPipeline.vert */,
				686C02F22231A8D7002F4063 /* Device.cpp */,
				686C02DD2231A8D6002F4063 /* Device.hpp */,
				686C02F32231A8D7002F4063 /* GUI.cpp */,
				686C02E82231A8D6002F4063 /* GUI.hpp */,
				686C02EE2231A8D7002F4063 /* ImageView.cpp */,
				686C02E52231A8D6002F4063 /* ImageView.hpp */,
				686C02E22231A8D6002F4063 /* Instance.cpp */,
				686C02DA2231A8D5002F4063 /* Instance.hpp */,
				686C02DB2231A8D5002F4063 /* Pipeline.cpp */,
				686C02E92231A8D6002F4063 /* Pipeline.hpp */,
				686C02EC2231A8D7002F4063 /* Queue.cpp */,
				686C02E02231A8D6002F4063 /* Queue.hpp */,
				686C02F02231A8D7002F4063 /* QueueCapabilities.cpp */,
				686C02E12231A8D6002F4063 /* QueueCapabilities.hpp */,
				686C02DC2231A8D6002F4063 /* View.cpp */,
				686C02E62231A8D6002F4063 /* View.hpp */,
				686C02F12231A8D7002F4063 /* vulkan_utils.cpp */,
				686C02EF2231A8D7002F4063 /* vulkan_utils.hpp */,
				686C02E42231A8D6002F4063 /* Window.cpp */,
				686C02EB2231A8D6002F4063 /* Window.hpp */,
			);
			path = GUI;
			sourceTree = "<group>";
		};
		68D16DDB2231A7E300702FC3 /* TTauri */ = {
			isa = PBXGroup;
			children = (
				68C8446522398A9000AC6B0F /* utils.hpp */,
				686C02C62231A8A3002F4063 /* Application.cpp */,
				686C02CB2231A8A4002F4063 /* Application.hpp */,
				686C02CC2231A8A4002F4063 /* Logging.cpp */,
				686C02C92231A8A4002F4063 /* Logging.hpp */,
				686C02CA2231A8A4002F4063 /* Time.cpp */,
				686C02C72231A8A3002F4063 /* Time.hpp */,
				686C02C82231A8A3002F4063 /* Timestamp.cpp */,
				686C02CD2231A8A4002F4063 /* Timestamp.hpp */,
				6838B93F2231A86E00FB8BD7 /* GUI */,
			);
			path = TTauri;
			sourceTree = "<group>";
		};
		68DFA8D522032B8A005D9413 /* Frameworks */ = {
			isa = PBXGroup;
			children = (
				68D07C1E220CDF18005EFAB2 /* libboost_log.a */,
				68A9A079220B2F9500457876 /* libboost_thread.a */,
				68A9A0632208FC4100457876 /* libboost_filesystem.a */,
				68A9A0612208FC3600457876 /* libboost_system.a */,
				68DFA8D622032B8A005D9413 /* MoltenVK.framework */,
			);
			name = Frameworks;
			sourceTree = "<group>";
		};
		68E5D6DC221313AB00DA9792 /* Build Scripts */ = {
			isa = PBXGroup;
			children = (
				68E5D6DD221313DD00DA9792 /* XCodeCompileVulkanShaders.sh */,
			);
			path = "Build Scripts";
			sourceTree = "<group>";
		};
		68F2626822030EA30078E5E4 = {
			isa = PBXGroup;
			children = (
				68D16DDB2231A7E300702FC3 /* TTauri */,
				68E5D6DC221313AB00DA9792 /* Build Scripts */,
				68F2627922030EA70078E5E4 /* TTauri iOS */,
				68F2628E22030EA70078E5E4 /* TTauri tvOS */,
				68F262A022030EA70078E5E4 /* TTauri macOS */,
				68F2627822030EA70078E5E4 /* Products */,
				68DFA8D522032B8A005D9413 /* Frameworks */,
			);
			sourceTree = "<group>";
		};
		68F2627822030EA70078E5E4 /* Products */ = {
			isa = PBXGroup;
			children = (
				68F2627722030EA70078E5E4 /* TTauri.app */,
				68F2628D22030EA70078E5E4 /* TTauri.app */,
				68F2629F22030EA70078E5E4 /* TTauri.app */,
			);
			name = Products;
			sourceTree = "<group>";
		};
		68F2627922030EA70078E5E4 /* TTauri iOS */ = {
			isa = PBXGroup;
			children = (
				68F2627A22030EA70078E5E4 /* AppDelegate.h */,
				68F2627B22030EA70078E5E4 /* AppDelegate.m */,
				68F2627D22030EA70078E5E4 /* GameViewController.h */,
				68F2627E22030EA70078E5E4 /* GameViewController.m */,
				68F2628022030EA70078E5E4 /* Main.storyboard */,
				68F2628322030EA70078E5E4 /* LaunchScreen.storyboard */,
				68F2628622030EA70078E5E4 /* Info.plist */,
				68F2628722030EA70078E5E4 /* main.m */,
			);
			path = "TTauri iOS";
			sourceTree = "<group>";
		};
		68F2628E22030EA70078E5E4 /* TTauri tvOS */ = {
			isa = PBXGroup;
			children = (
				68F2628F22030EA70078E5E4 /* AppDelegate.h */,
				68F2629022030EA70078E5E4 /* AppDelegate.m */,
				68F2629222030EA70078E5E4 /* GameViewController.h */,
				68F2629322030EA70078E5E4 /* GameViewController.m */,
				68F2629522030EA70078E5E4 /* Main.storyboard */,
				68F2629822030EA70078E5E4 /* Info.plist */,
				68F2629922030EA70078E5E4 /* main.m */,
			);
			path = "TTauri tvOS";
			sourceTree = "<group>";
		};
		68F262A022030EA70078E5E4 /* TTauri macOS */ = {
			isa = PBXGroup;
			children = (
				68F262A122030EA70078E5E4 /* AppDelegate.h */,
				68F262A222030EA70078E5E4 /* AppDelegate.m */,
				68F262A422030EA70078E5E4 /* MoltenVKViewController.h */,
				68F262A522030EA70078E5E4 /* MoltenVKViewController.mm */,
				68F262A722030EA70078E5E4 /* Main.storyboard */,
				68F262AA22030EA70078E5E4 /* Info.plist */,
				68F262AB22030EA70078E5E4 /* main.m */,
				68DFA8D82203315C005D9413 /* MoltenVKView.mm */,
				68DFA8DA2203317E005D9413 /* MoltenVKView.h */,
			);
			path = "TTauri macOS";
			sourceTree = "<group>";
		};
/* End PBXGroup section */

/* Begin PBXNativeTarget section */
		68F2627622030EA70078E5E4 /* TTauri iOS */ = {
			isa = PBXNativeTarget;
			buildConfigurationList = 68F262B822030EA70078E5E4 /* Build configuration list for PBXNativeTarget "TTauri iOS" */;
			buildPhases = (
				68F2627322030EA70078E5E4 /* Sources */,
				68F2627422030EA70078E5E4 /* Frameworks */,
				68F2627522030EA70078E5E4 /* Resources */,
			);
			buildRules = (
			);
			dependencies = (
			);
			name = "TTauri iOS";
			productName = "TTauri iOS";
			productReference = 68F2627722030EA70078E5E4 /* TTauri.app */;
			productType = "com.apple.product-type.application";
		};
		68F2628C22030EA70078E5E4 /* TTauri tvOS */ = {
			isa = PBXNativeTarget;
			buildConfigurationList = 68F262BB22030EA70078E5E4 /* Build configuration list for PBXNativeTarget "TTauri tvOS" */;
			buildPhases = (
				68F2628922030EA70078E5E4 /* Sources */,
				68F2628A22030EA70078E5E4 /* Frameworks */,
				68F2628B22030EA70078E5E4 /* Resources */,
			);
			buildRules = (
			);
			dependencies = (
			);
			name = "TTauri tvOS";
			productName = "TTauri tvOS";
			productReference = 68F2628D22030EA70078E5E4 /* TTauri.app */;
			productType = "com.apple.product-type.application";
		};
		68F2629E22030EA70078E5E4 /* TTauri macOS */ = {
			isa = PBXNativeTarget;
			buildConfigurationList = 68F262BE22030EA70078E5E4 /* Build configuration list for PBXNativeTarget "TTauri macOS" */;
			buildPhases = (
				68A9A080220BB12C00457876 /* CopyFiles */,
				68C6C3B0220CCC7100B39337 /* CopyFiles */,
				68F2629B22030EA70078E5E4 /* Sources */,
				68F2629C22030EA70078E5E4 /* Frameworks */,
				686E3BB022130D13002B56E5 /* ShellScript */,
				68F2629D22030EA70078E5E4 /* Resources */,
			);
			buildRules = (
			);
			dependencies = (
			);
			name = "TTauri macOS";
			productName = "TTauri macOS";
			productReference = 68F2629F22030EA70078E5E4 /* TTauri.app */;
			productType = "com.apple.product-type.application";
		};
/* End PBXNativeTarget section */

/* Begin PBXProject section */
		68F2626922030EA30078E5E4 /* Project object */ = {
			isa = PBXProject;
			attributes = {
				LastUpgradeCheck = 1010;
				ORGANIZATIONNAME = Pokitec;
				TargetAttributes = {
					68F2627622030EA70078E5E4 = {
						CreatedOnToolsVersion = 10.1;
					};
					68F2628C22030EA70078E5E4 = {
						CreatedOnToolsVersion = 10.1;
					};
					68F2629E22030EA70078E5E4 = {
						CreatedOnToolsVersion = 10.1;
					};
				};
			};
			buildConfigurationList = 68F2626C22030EA30078E5E4 /* Build configuration list for PBXProject "TTauri" */;
			compatibilityVersion = "Xcode 9.3";
			developmentRegion = en;
			hasScannedForEncodings = 0;
			knownRegions = (
				en,
				Base,
			);
			mainGroup = 68F2626822030EA30078E5E4;
			productRefGroup = 68F2627822030EA70078E5E4 /* Products */;
			projectDirPath = "";
			projectRoot = "";
			targets = (
				68F2627622030EA70078E5E4 /* TTauri iOS */,
				68F2628C22030EA70078E5E4 /* TTauri tvOS */,
				68F2629E22030EA70078E5E4 /* TTauri macOS */,
			);
		};
/* End PBXProject section */

/* Begin PBXResourcesBuildPhase section */
		68F2627522030EA70078E5E4 /* Resources */ = {
			isa = PBXResourcesBuildPhase;
			buildActionMask = 2147483647;
			files = (
				68F2628222030EA70078E5E4 /* Main.storyboard in Resources */,
				686C030E2231A8D7002F4063 /* BackingPipeline.vert in Resources */,
				68F2628522030EA70078E5E4 /* LaunchScreen.storyboard in Resources */,
				686C03202231A8D7002F4063 /* BackingPipeline.frag in Resources */,
			);
			runOnlyForDeploymentPostprocessing = 0;
		};
		68F2628B22030EA70078E5E4 /* Resources */ = {
			isa = PBXResourcesBuildPhase;
			buildActionMask = 2147483647;
			files = (
				686C030F2231A8D7002F4063 /* BackingPipeline.vert in Resources */,
				686C03212231A8D7002F4063 /* BackingPipeline.frag in Resources */,
				68F2629722030EA70078E5E4 /* Main.storyboard in Resources */,
			);
			runOnlyForDeploymentPostprocessing = 0;
		};
		68F2629D22030EA70078E5E4 /* Resources */ = {
			isa = PBXResourcesBuildPhase;
			buildActionMask = 2147483647;
			files = (
				686C03102231A8D7002F4063 /* BackingPipeline.vert in Resources */,
				686C03222231A8D7002F4063 /* BackingPipeline.frag in Resources */,
				68F262A922030EA70078E5E4 /* Main.storyboard in Resources */,
			);
			runOnlyForDeploymentPostprocessing = 0;
		};
/* End PBXResourcesBuildPhase section */

/* Begin PBXShellScriptBuildPhase section */
		686E3BB022130D13002B56E5 /* ShellScript */ = {
			isa = PBXShellScriptBuildPhase;
			buildActionMask = 2147483647;
			files = (
			);
			inputFileListPaths = (
			);
			inputPaths = (
				"$(SRCROOT)/TTauri/GUI/BackingPipeline.vert",
				"$(SRCROOT)/TTauri/GUI/BackingPipeline.frag",
			);
			outputFileListPaths = (
			);
			outputPaths = (
				"$(METAL_LIBRARY_OUTPUT_DIR)/BackingPipeline.vert.spv",
				"$(METAL_LIBRARY_OUTPUT_DIR)/BackingPipeline.frag.spv",
			);
			runOnlyForDeploymentPostprocessing = 0;
			shellPath = /bin/bash;
			shellScript = "#!/bin/bash\n\n#  XCodeCompileVulkanShaders.sh\n#  TTauri\n#\n#  Created by Tjienta Vara on 2019-02-12.\n#  Copyright © 2019 Pokitec. All rights reserved.\n\nGLSLANGVALIDATOR=/usr/local/bin/glslangValidator\n\nif [ ${SCRIPT_INPUT_FILE_COUNT} -ne ${SCRIPT_OUTPUT_FILE_COUNT} ]\nthen\n    echo \"Number of input files ${SCRIPT_INPUT_FILE_COUNT} does not equal number of output files ${SCRIPT_OUTPUT_FILE_COUNT}\"\n    exit 2\nfi\n\nfor i in `seq 0 $[${SCRIPT_INPUT_FILE_COUNT} - 1]`\ndo\n    INPUT_PATH_VARIABLE=\"SCRIPT_INPUT_FILE_${i}\"\n    OUTPUT_PATH_VARIABLE=\"SCRIPT_OUTPUT_FILE_${i}\"\n    INPUT_PATH=\"${!INPUT_PATH_VARIABLE}\"\n    OUTPUT_PATH=\"${!OUTPUT_PATH_VARIABLE}\"\n    INPUT_FILE=`basename \"${INPUT_PATH}\"`\n    OUTPUT_FILE=`basename \"${OUTPUT_PATH}\" .spv`\n\n    if [ \"${INPUT_FILE}\" != \"${OUTPUT_FILE}\" ]\n    then\n        echo \"Input file ${INPUT_PATH} does not match output file ${OUTPUT_PATH}\"\n        exit 2\n    fi\n\n    if [ ! -f \"${INPUT_PATH}\" ]\n    then\n        echo \"Could not find input file ${INPUT_PATH}\"\n        exit 2\n    fi\n\n    echo \"Compiling ${INPUT_FILE}\"\n    ${GLSLANGVALIDATOR} -V -o \"${OUTPUT_PATH}\" \"${INPUT_PATH}\"\n    RET=$?\n    if [ ${RET} -ne 0 ]\n    then\n        exit ${RET}\n    fi\ndone\nexit 0\n";
		};
/* End PBXShellScriptBuildPhase section */

/* Begin PBXSourcesBuildPhase section */
		68F2627322030EA70078E5E4 /* Sources */ = {
			isa = PBXSourcesBuildPhase;
			buildActionMask = 2147483647;
			files = (
				686C03172231A8D7002F4063 /* vulkan_utils.cpp in Sources */,
				686C02F92231A8D7002F4063 /* View.cpp in Sources */,
				686C03022231A8D7002F4063 /* BackingPipeline.cpp in Sources */,
				686C02D42231A8A4002F4063 /* Time.cpp in Sources */,
				686C030B2231A8D7002F4063 /* Queue.cpp in Sources */,
				68BF1EE42236EBF10008955B /* WindowView.cpp in Sources */,
				686C02FF2231A8D7002F4063 /* Instance.cpp in Sources */,
				686C02D12231A8A4002F4063 /* Timestamp.cpp in Sources */,
				686C031A2231A8D7002F4063 /* Device.cpp in Sources */,
				686C03052231A8D7002F4063 /* Window.cpp in Sources */,
				686C02CE2231A8A4002F4063 /* Application.cpp in Sources */,
				686C02F62231A8D7002F4063 /* Pipeline.cpp in Sources */,
				686C031D2231A8D7002F4063 /* GUI.cpp in Sources */,
				68F2627F22030EA70078E5E4 /* GameViewController.m in Sources */,
				686C03112231A8D7002F4063 /* ImageView.cpp in Sources */,
				68F2628822030EA70078E5E4 /* main.m in Sources */,
				686C02D72231A8A4002F4063 /* Logging.cpp in Sources */,
				68F2627C22030EA70078E5E4 /* AppDelegate.m in Sources */,
				686C03142231A8D7002F4063 /* QueueCapabilities.cpp in Sources */,
			);
			runOnlyForDeploymentPostprocessing = 0;
		};
		68F2628922030EA70078E5E4 /* Sources */ = {
			isa = PBXSourcesBuildPhase;
			buildActionMask = 2147483647;
			files = (
				686C03182231A8D7002F4063 /* vulkan_utils.cpp in Sources */,
				686C02FA2231A8D7002F4063 /* View.cpp in Sources */,
				686C03032231A8D7002F4063 /* BackingPipeline.cpp in Sources */,
				686C02D52231A8A4002F4063 /* Time.cpp in Sources */,
				686C030C2231A8D7002F4063 /* Queue.cpp in Sources */,
				68BF1EE52236EBF10008955B /* WindowView.cpp in Sources */,
				686C03002231A8D7002F4063 /* Instance.cpp in Sources */,
				686C02D22231A8A4002F4063 /* Timestamp.cpp in Sources */,
				686C031B2231A8D7002F4063 /* Device.cpp in Sources */,
				686C03062231A8D7002F4063 /* Window.cpp in Sources */,
				686C02CF2231A8A4002F4063 /* Application.cpp in Sources */,
				686C02F72231A8D7002F4063 /* Pipeline.cpp in Sources */,
				686C031E2231A8D7002F4063 /* GUI.cpp in Sources */,
				68F2629422030EA70078E5E4 /* GameViewController.m in Sources */,
				686C03122231A8D7002F4063 /* ImageView.cpp in Sources */,
				68F2629A22030EA70078E5E4 /* main.m in Sources */,
				686C02D82231A8A4002F4063 /* Logging.cpp in Sources */,
				68F2629122030EA70078E5E4 /* AppDelegate.m in Sources */,
				686C03152231A8D7002F4063 /* QueueCapabilities.cpp in Sources */,
			);
			runOnlyForDeploymentPostprocessing = 0;
		};
		68F2629B22030EA70078E5E4 /* Sources */ = {
			isa = PBXSourcesBuildPhase;
			buildActionMask = 2147483647;
			files = (
				68F262A622030EA70078E5E4 /* MoltenVKViewController.mm in Sources */,
				68DFA8D92203315C005D9413 /* MoltenVKView.mm in Sources */,
				686C02D32231A8A4002F4063 /* Timestamp.cpp in Sources */,
				686C02F82231A8D7002F4063 /* Pipeline.cpp in Sources */,
				686C02FB2231A8D7002F4063 /* View.cpp in Sources */,
				686C03012231A8D7002F4063 /* Instance.cpp in Sources */,
				686C03132231A8D7002F4063 /* ImageView.cpp in Sources */,
				686C031F2231A8D7002F4063 /* GUI.cpp in Sources */,
				686C03162231A8D7002F4063 /* QueueCapabilities.cpp in Sources */,
				686C03072231A8D7002F4063 /* Window.cpp in Sources */,
				68BF1EE62236EBF10008955B /* WindowView.cpp in Sources */,
				686C031C2231A8D7002F4063 /* Device.cpp in Sources */,
				686C03192231A8D7002F4063 /* vulkan_utils.cpp in Sources */,
				686C02D92231A8A4002F4063 /* Logging.cpp in Sources */,
				686C02D02231A8A4002F4063 /* Application.cpp in Sources */,
				68F262AC22030EA70078E5E4 /* main.m in Sources */,
				686C03042231A8D7002F4063 /* BackingPipeline.cpp in Sources */,
				686C02D62231A8A4002F4063 /* Time.cpp in Sources */,
				68F262A322030EA70078E5E4 /* AppDelegate.m in Sources */,
				686C030D2231A8D7002F4063 /* Queue.cpp in Sources */,
			);
			runOnlyForDeploymentPostprocessing = 0;
		};
/* End PBXSourcesBuildPhase section */

/* Begin PBXVariantGroup section */
		68F2628022030EA70078E5E4 /* Main.storyboard */ = {
			isa = PBXVariantGroup;
			children = (
				68F2628122030EA70078E5E4 /* Base */,
			);
			name = Main.storyboard;
			sourceTree = "<group>";
		};
		68F2628322030EA70078E5E4 /* LaunchScreen.storyboard */ = {
			isa = PBXVariantGroup;
			children = (
				68F2628422030EA70078E5E4 /* Base */,
			);
			name = LaunchScreen.storyboard;
			sourceTree = "<group>";
		};
		68F2629522030EA70078E5E4 /* Main.storyboard */ = {
			isa = PBXVariantGroup;
			children = (
				68F2629622030EA70078E5E4 /* Base */,
			);
			name = Main.storyboard;
			sourceTree = "<group>";
		};
		68F262A722030EA70078E5E4 /* Main.storyboard */ = {
			isa = PBXVariantGroup;
			children = (
				68F262A822030EA70078E5E4 /* Base */,
			);
			name = Main.storyboard;
			sourceTree = "<group>";
		};
/* End PBXVariantGroup section */

/* Begin XCBuildConfiguration section */
		68F262B622030EA70078E5E4 /* Debug */ = {
			isa = XCBuildConfiguration;
			buildSettings = {
				ALWAYS_SEARCH_USER_PATHS = NO;
				CLANG_ANALYZER_NONNULL = YES;
				CLANG_ANALYZER_NUMBER_OBJECT_CONVERSION = YES_AGGRESSIVE;
				CLANG_CXX_LANGUAGE_STANDARD = "gnu++14";
				CLANG_CXX_LIBRARY = "libc++";
				CLANG_ENABLE_MODULES = YES;
				CLANG_ENABLE_OBJC_ARC = YES;
				CLANG_ENABLE_OBJC_WEAK = YES;
				CLANG_WARN_BLOCK_CAPTURE_AUTORELEASING = YES;
				CLANG_WARN_BOOL_CONVERSION = YES;
				CLANG_WARN_COMMA = YES;
				CLANG_WARN_CONSTANT_CONVERSION = YES;
				CLANG_WARN_DEPRECATED_OBJC_IMPLEMENTATIONS = YES;
				CLANG_WARN_DIRECT_OBJC_ISA_USAGE = YES_ERROR;
				CLANG_WARN_DOCUMENTATION_COMMENTS = NO;
				CLANG_WARN_EMPTY_BODY = YES;
				CLANG_WARN_ENUM_CONVERSION = YES;
				CLANG_WARN_INFINITE_RECURSION = YES;
				CLANG_WARN_INT_CONVERSION = YES;
				CLANG_WARN_NON_LITERAL_NULL_CONVERSION = YES;
				CLANG_WARN_OBJC_IMPLICIT_RETAIN_SELF = YES;
				CLANG_WARN_OBJC_LITERAL_CONVERSION = YES;
				CLANG_WARN_OBJC_ROOT_CLASS = YES_ERROR;
				CLANG_WARN_RANGE_LOOP_ANALYSIS = YES;
				CLANG_WARN_STRICT_PROTOTYPES = YES;
				CLANG_WARN_SUSPICIOUS_MOVE = YES;
				CLANG_WARN_UNGUARDED_AVAILABILITY = YES_AGGRESSIVE;
				CLANG_WARN_UNREACHABLE_CODE = YES;
				CLANG_WARN__DUPLICATE_METHOD_MATCH = YES;
				COPY_PHASE_STRIP = NO;
				DEBUG_INFORMATION_FORMAT = dwarf;
				ENABLE_STRICT_OBJC_MSGSEND = YES;
				ENABLE_TESTABILITY = YES;
				GCC_C_LANGUAGE_STANDARD = gnu11;
				GCC_DYNAMIC_NO_PIC = NO;
				GCC_NO_COMMON_BLOCKS = YES;
				GCC_OPTIMIZATION_LEVEL = 0;
				GCC_PREPROCESSOR_DEFINITIONS = "DEBUG=1";
				GCC_WARN_64_TO_32_BIT_CONVERSION = YES;
				GCC_WARN_ABOUT_RETURN_TYPE = YES_ERROR;
				GCC_WARN_UNDECLARED_SELECTOR = YES;
				GCC_WARN_UNINITIALIZED_AUTOS = YES_AGGRESSIVE;
				GCC_WARN_UNUSED_FUNCTION = YES;
				GCC_WARN_UNUSED_VARIABLE = YES;
				HEADER_SEARCH_PATHS = (
					/usr/local/include,
					/opt/boost_1_69_0,
					"/opt/glm-0.9.9.3",
				);
				LIBRARY_SEARCH_PATHS = /opt/boost_1_69_0/stage/lib;
				MTL_ENABLE_DEBUG_INFO = INCLUDE_SOURCE;
				MTL_FAST_MATH = YES;
				ONLY_ACTIVE_ARCH = YES;
				USE_HEADERMAP = NO;
			};
			name = Debug;
		};
		68F262B722030EA70078E5E4 /* Release */ = {
			isa = XCBuildConfiguration;
			buildSettings = {
				ALWAYS_SEARCH_USER_PATHS = NO;
				CLANG_ANALYZER_NONNULL = YES;
				CLANG_ANALYZER_NUMBER_OBJECT_CONVERSION = YES_AGGRESSIVE;
				CLANG_CXX_LANGUAGE_STANDARD = "gnu++14";
				CLANG_CXX_LIBRARY = "libc++";
				CLANG_ENABLE_MODULES = YES;
				CLANG_ENABLE_OBJC_ARC = YES;
				CLANG_ENABLE_OBJC_WEAK = YES;
				CLANG_WARN_BLOCK_CAPTURE_AUTORELEASING = YES;
				CLANG_WARN_BOOL_CONVERSION = YES;
				CLANG_WARN_COMMA = YES;
				CLANG_WARN_CONSTANT_CONVERSION = YES;
				CLANG_WARN_DEPRECATED_OBJC_IMPLEMENTATIONS = YES;
				CLANG_WARN_DIRECT_OBJC_ISA_USAGE = YES_ERROR;
				CLANG_WARN_DOCUMENTATION_COMMENTS = NO;
				CLANG_WARN_EMPTY_BODY = YES;
				CLANG_WARN_ENUM_CONVERSION = YES;
				CLANG_WARN_INFINITE_RECURSION = YES;
				CLANG_WARN_INT_CONVERSION = YES;
				CLANG_WARN_NON_LITERAL_NULL_CONVERSION = YES;
				CLANG_WARN_OBJC_IMPLICIT_RETAIN_SELF = YES;
				CLANG_WARN_OBJC_LITERAL_CONVERSION = YES;
				CLANG_WARN_OBJC_ROOT_CLASS = YES_ERROR;
				CLANG_WARN_RANGE_LOOP_ANALYSIS = YES;
				CLANG_WARN_STRICT_PROTOTYPES = YES;
				CLANG_WARN_SUSPICIOUS_MOVE = YES;
				CLANG_WARN_UNGUARDED_AVAILABILITY = YES_AGGRESSIVE;
				CLANG_WARN_UNREACHABLE_CODE = YES;
				CLANG_WARN__DUPLICATE_METHOD_MATCH = YES;
				COPY_PHASE_STRIP = NO;
				DEBUG_INFORMATION_FORMAT = "dwarf-with-dsym";
				ENABLE_NS_ASSERTIONS = NO;
				ENABLE_STRICT_OBJC_MSGSEND = YES;
				GCC_C_LANGUAGE_STANDARD = gnu11;
				GCC_NO_COMMON_BLOCKS = YES;
				GCC_PREPROCESSOR_DEFINITIONS = "";
				GCC_WARN_64_TO_32_BIT_CONVERSION = YES;
				GCC_WARN_ABOUT_RETURN_TYPE = YES_ERROR;
				GCC_WARN_UNDECLARED_SELECTOR = YES;
				GCC_WARN_UNINITIALIZED_AUTOS = YES_AGGRESSIVE;
				GCC_WARN_UNUSED_FUNCTION = YES;
				GCC_WARN_UNUSED_VARIABLE = YES;
				HEADER_SEARCH_PATHS = (
					/usr/local/include,
					/opt/boost_1_69_0,
					"/opt/glm-0.9.9.3",
				);
				LIBRARY_SEARCH_PATHS = /opt/boost_1_69_0/stage/lib;
				MTL_ENABLE_DEBUG_INFO = NO;
				MTL_FAST_MATH = YES;
				USE_HEADERMAP = NO;
			};
			name = Release;
		};
		68F262B922030EA70078E5E4 /* Debug */ = {
			isa = XCBuildConfiguration;
			buildSettings = {
				ASSETCATALOG_COMPILER_APPICON_NAME = AppIcon;
				CODE_SIGN_IDENTITY = "iPhone Developer";
				CODE_SIGN_STYLE = Automatic;
				DEVELOPMENT_TEAM = 8N564K3STX;
				INFOPLIST_FILE = "TTauri iOS/Info.plist";
				IPHONEOS_DEPLOYMENT_TARGET = 12.1;
				LD_RUNPATH_SEARCH_PATHS = (
					"$(inherited)",
					"@executable_path/Frameworks",
				);
				PRODUCT_BUNDLE_IDENTIFIER = nl.pokitec.TTauri;
				PRODUCT_NAME = TTauri;
				SDKROOT = iphoneos;
				TARGETED_DEVICE_FAMILY = "1,2";
			};
			name = Debug;
		};
		68F262BA22030EA70078E5E4 /* Release */ = {
			isa = XCBuildConfiguration;
			buildSettings = {
				ASSETCATALOG_COMPILER_APPICON_NAME = AppIcon;
				CODE_SIGN_IDENTITY = "iPhone Developer";
				CODE_SIGN_STYLE = Automatic;
				DEVELOPMENT_TEAM = 8N564K3STX;
				INFOPLIST_FILE = "TTauri iOS/Info.plist";
				IPHONEOS_DEPLOYMENT_TARGET = 12.1;
				LD_RUNPATH_SEARCH_PATHS = (
					"$(inherited)",
					"@executable_path/Frameworks",
				);
				PRODUCT_BUNDLE_IDENTIFIER = nl.pokitec.TTauri;
				PRODUCT_NAME = TTauri;
				SDKROOT = iphoneos;
				TARGETED_DEVICE_FAMILY = "1,2";
				VALIDATE_PRODUCT = YES;
			};
			name = Release;
		};
		68F262BC22030EA70078E5E4 /* Debug */ = {
			isa = XCBuildConfiguration;
			buildSettings = {
				ASSETCATALOG_COMPILER_APPICON_NAME = "tvOS App Icon & Top Shelf Image";
				ASSETCATALOG_COMPILER_LAUNCHIMAGE_NAME = "tvOS LaunchImage";
				CODE_SIGN_STYLE = Automatic;
				DEVELOPMENT_TEAM = 8N564K3STX;
				INFOPLIST_FILE = "TTauri tvOS/Info.plist";
				LD_RUNPATH_SEARCH_PATHS = (
					"$(inherited)",
					"@executable_path/Frameworks",
				);
				PRODUCT_BUNDLE_IDENTIFIER = nl.pokitec.TTauri;
				PRODUCT_NAME = TTauri;
				SDKROOT = appletvos;
				TARGETED_DEVICE_FAMILY = 3;
				TVOS_DEPLOYMENT_TARGET = 12.1;
			};
			name = Debug;
		};
		68F262BD22030EA70078E5E4 /* Release */ = {
			isa = XCBuildConfiguration;
			buildSettings = {
				ASSETCATALOG_COMPILER_APPICON_NAME = "tvOS App Icon & Top Shelf Image";
				ASSETCATALOG_COMPILER_LAUNCHIMAGE_NAME = "tvOS LaunchImage";
				CODE_SIGN_STYLE = Automatic;
				DEVELOPMENT_TEAM = 8N564K3STX;
				INFOPLIST_FILE = "TTauri tvOS/Info.plist";
				LD_RUNPATH_SEARCH_PATHS = (
					"$(inherited)",
					"@executable_path/Frameworks",
				);
				PRODUCT_BUNDLE_IDENTIFIER = nl.pokitec.TTauri;
				PRODUCT_NAME = TTauri;
				SDKROOT = appletvos;
				TARGETED_DEVICE_FAMILY = 3;
				TVOS_DEPLOYMENT_TARGET = 12.1;
				VALIDATE_PRODUCT = YES;
			};
			name = Release;
		};
		68F262BF22030EA70078E5E4 /* Debug */ = {
			isa = XCBuildConfiguration;
			buildSettings = {
				ASSETCATALOG_COMPILER_APPICON_NAME = AppIcon;
				CLANG_CXX_LANGUAGE_STANDARD = "c++17";
				CLANG_WARN_COMMA = NO;
				CODE_SIGN_IDENTITY = "Mac Developer";
				CODE_SIGN_STYLE = Automatic;
				COMBINE_HIDPI_IMAGES = YES;
				DEVELOPMENT_TEAM = 8N564K3STX;
				FRAMEWORK_SEARCH_PATHS = (
					"$(inherited)",
					"$(USER_LIBRARY_DIR)/Frameworks",
				);
				GCC_PREPROCESSOR_DEFINITIONS = (
					"VK_USE_PLATFORM_MACOS_MVK=1",
					"DEBUG=1",
					"BOOST_FILESYSTEM_NO_DEPRECATED=1",
				);
				INFOPLIST_FILE = "TTauri macOS/Info.plist";
				LD_RUNPATH_SEARCH_PATHS = (
					"$(inherited)",
					"@executable_path/../Frameworks",
				);
				MACOSX_DEPLOYMENT_TARGET = 10.14;
				PRODUCT_BUNDLE_IDENTIFIER = nl.pokitec.TTauri;
				PRODUCT_NAME = TTauri;
				PROVISIONING_PROFILE_SPECIFIER = "";
				SDKROOT = macosx;
			};
			name = Debug;
		};
		68F262C022030EA70078E5E4 /* Release */ = {
			isa = XCBuildConfiguration;
			buildSettings = {
				ASSETCATALOG_COMPILER_APPICON_NAME = AppIcon;
				CLANG_CXX_LANGUAGE_STANDARD = "c++17";
				CLANG_WARN_COMMA = NO;
				CODE_SIGN_IDENTITY = "Mac Developer";
				CODE_SIGN_STYLE = Automatic;
				COMBINE_HIDPI_IMAGES = YES;
				DEVELOPMENT_TEAM = 8N564K3STX;
				FRAMEWORK_SEARCH_PATHS = (
					"$(inherited)",
					"$(USER_LIBRARY_DIR)/Frameworks",
				);
				GCC_PREPROCESSOR_DEFINITIONS = (
					"BOOST_FILESYSTEM_NO_DEPRECATED=1",
					"VK_USE_PLATFORM_MACOS_MVK=1",
				);
				INFOPLIST_FILE = "TTauri macOS/Info.plist";
				LD_RUNPATH_SEARCH_PATHS = (
					"$(inherited)",
					"@executable_path/../Frameworks",
				);
				MACOSX_DEPLOYMENT_TARGET = 10.14;
				PRODUCT_BUNDLE_IDENTIFIER = nl.pokitec.TTauri;
				PRODUCT_NAME = TTauri;
				PROVISIONING_PROFILE_SPECIFIER = "";
				SDKROOT = macosx;
			};
			name = Release;
		};
/* End XCBuildConfiguration section */

/* Begin XCConfigurationList section */
		68F2626C22030EA30078E5E4 /* Build configuration list for PBXProject "TTauri" */ = {
			isa = XCConfigurationList;
			buildConfigurations = (
				68F262B622030EA70078E5E4 /* Debug */,
				68F262B722030EA70078E5E4 /* Release */,
			);
			defaultConfigurationIsVisible = 0;
			defaultConfigurationName = Release;
		};
		68F262B822030EA70078E5E4 /* Build configuration list for PBXNativeTarget "TTauri iOS" */ = {
			isa = XCConfigurationList;
			buildConfigurations = (
				68F262B922030EA70078E5E4 /* Debug */,
				68F262BA22030EA70078E5E4 /* Release */,
			);
			defaultConfigurationIsVisible = 0;
			defaultConfigurationName = Release;
		};
		68F262BB22030EA70078E5E4 /* Build configuration list for PBXNativeTarget "TTauri tvOS" */ = {
			isa = XCConfigurationList;
			buildConfigurations = (
				68F262BC22030EA70078E5E4 /* Debug */,
				68F262BD22030EA70078E5E4 /* Release */,
			);
			defaultConfigurationIsVisible = 0;
			defaultConfigurationName = Release;
		};
		68F262BE22030EA70078E5E4 /* Build configuration list for PBXNativeTarget "TTauri macOS" */ = {
			isa = XCConfigurationList;
			buildConfigurations = (
				68F262BF22030EA70078E5E4 /* Debug */,
				68F262C022030EA70078E5E4 /* Release */,
			);
			defaultConfigurationIsVisible = 0;
			defaultConfigurationName = Release;
		};
/* End XCConfigurationList section */
	};
	rootObject = 68F2626922030EA30078E5E4 /* Project object */;
}
