// !$*UTF8*$!
{
	archiveVersion = 1;
	classes = {
	};
	objectVersion = 50;
	objects = {

/* Begin PBXBuildFile section */
		686AD2302208647900AC826C /* Window.cpp in Sources */ = {isa = PBXBuildFile; fileRef = 686AD22E2208647900AC826C /* Window.cpp */; };
		686AD2312208647900AC826C /* Window.cpp in Sources */ = {isa = PBXBuildFile; fileRef = 686AD22E2208647900AC826C /* Window.cpp */; };
		686AD2322208647900AC826C /* Window.cpp in Sources */ = {isa = PBXBuildFile; fileRef = 686AD22E2208647900AC826C /* Window.cpp */; };
		686AD2352208693500AC826C /* Rectangle.cpp in Sources */ = {isa = PBXBuildFile; fileRef = 686AD2332208693500AC826C /* Rectangle.cpp */; };
		686AD2362208693500AC826C /* Rectangle.cpp in Sources */ = {isa = PBXBuildFile; fileRef = 686AD2332208693500AC826C /* Rectangle.cpp */; };
		686AD2372208693500AC826C /* Rectangle.cpp in Sources */ = {isa = PBXBuildFile; fileRef = 686AD2332208693500AC826C /* Rectangle.cpp */; };
		686AD23A22086E8E00AC826C /* Vector.cpp in Sources */ = {isa = PBXBuildFile; fileRef = 686AD23822086E8E00AC826C /* Vector.cpp */; };
		686AD23B22086E8E00AC826C /* Vector.cpp in Sources */ = {isa = PBXBuildFile; fileRef = 686AD23822086E8E00AC826C /* Vector.cpp */; };
		686AD23C22086E8E00AC826C /* Vector.cpp in Sources */ = {isa = PBXBuildFile; fileRef = 686AD23822086E8E00AC826C /* Vector.cpp */; };
		686AD23F220878AA00AC826C /* View.cpp in Sources */ = {isa = PBXBuildFile; fileRef = 686AD23D220878AA00AC826C /* View.cpp */; };
		686AD240220878AA00AC826C /* View.cpp in Sources */ = {isa = PBXBuildFile; fileRef = 686AD23D220878AA00AC826C /* View.cpp */; };
		686AD241220878AA00AC826C /* View.cpp in Sources */ = {isa = PBXBuildFile; fileRef = 686AD23D220878AA00AC826C /* View.cpp */; };
		686AD24422088A4900AC826C /* GUI.cpp in Sources */ = {isa = PBXBuildFile; fileRef = 686AD24222088A4900AC826C /* GUI.cpp */; };
		686AD24522088A4900AC826C /* GUI.cpp in Sources */ = {isa = PBXBuildFile; fileRef = 686AD24222088A4900AC826C /* GUI.cpp */; };
		686AD24622088A4900AC826C /* GUI.cpp in Sources */ = {isa = PBXBuildFile; fileRef = 686AD24222088A4900AC826C /* GUI.cpp */; };
		686AD249220893D300AC826C /* Instance.cpp in Sources */ = {isa = PBXBuildFile; fileRef = 686AD247220893D300AC826C /* Instance.cpp */; };
		686AD24A220893D300AC826C /* Instance.cpp in Sources */ = {isa = PBXBuildFile; fileRef = 686AD247220893D300AC826C /* Instance.cpp */; };
		686AD24B220893D300AC826C /* Instance.cpp in Sources */ = {isa = PBXBuildFile; fileRef = 686AD247220893D300AC826C /* Instance.cpp */; };
		686AD24E22089F3800AC826C /* Backing.cpp in Sources */ = {isa = PBXBuildFile; fileRef = 686AD24C22089F3800AC826C /* Backing.cpp */; };
		686AD24F22089F3800AC826C /* Backing.cpp in Sources */ = {isa = PBXBuildFile; fileRef = 686AD24C22089F3800AC826C /* Backing.cpp */; };
		686AD25022089F3800AC826C /* Backing.cpp in Sources */ = {isa = PBXBuildFile; fileRef = 686AD24C22089F3800AC826C /* Backing.cpp */; };
		686AD2532208A90400AC826C /* BackingCache.cpp in Sources */ = {isa = PBXBuildFile; fileRef = 686AD2512208A90400AC826C /* BackingCache.cpp */; };
		686AD2542208A90400AC826C /* BackingCache.cpp in Sources */ = {isa = PBXBuildFile; fileRef = 686AD2512208A90400AC826C /* BackingCache.cpp */; };
		686AD2552208A90400AC826C /* BackingCache.cpp in Sources */ = {isa = PBXBuildFile; fileRef = 686AD2512208A90400AC826C /* BackingCache.cpp */; };
		686AD2582208B2BB00AC826C /* ImageView.cpp in Sources */ = {isa = PBXBuildFile; fileRef = 686AD2562208B2BB00AC826C /* ImageView.cpp */; };
		686AD2592208B2BB00AC826C /* ImageView.cpp in Sources */ = {isa = PBXBuildFile; fileRef = 686AD2562208B2BB00AC826C /* ImageView.cpp */; };
		686AD25A2208B2BB00AC826C /* ImageView.cpp in Sources */ = {isa = PBXBuildFile; fileRef = 686AD2562208B2BB00AC826C /* ImageView.cpp */; };
		686AD25D2208B34900AC826C /* ImageBacking.cpp in Sources */ = {isa = PBXBuildFile; fileRef = 686AD25B2208B34900AC826C /* ImageBacking.cpp */; };
		686AD25E2208B34900AC826C /* ImageBacking.cpp in Sources */ = {isa = PBXBuildFile; fileRef = 686AD25B2208B34900AC826C /* ImageBacking.cpp */; };
		686AD25F2208B34900AC826C /* ImageBacking.cpp in Sources */ = {isa = PBXBuildFile; fileRef = 686AD25B2208B34900AC826C /* ImageBacking.cpp */; };
		68A9A0622208FC3600457876 /* libboost_system.a in Frameworks */ = {isa = PBXBuildFile; fileRef = 68A9A0612208FC3600457876 /* libboost_system.a */; };
		68A9A0642208FC4100457876 /* libboost_filesystem.a in Frameworks */ = {isa = PBXBuildFile; fileRef = 68A9A0632208FC4100457876 /* libboost_filesystem.a */; };
		68A9A0672209F98300457876 /* vulkan_utils.cpp in Sources */ = {isa = PBXBuildFile; fileRef = 68A9A0652209F98300457876 /* vulkan_utils.cpp */; };
		68A9A0682209F98300457876 /* vulkan_utils.cpp in Sources */ = {isa = PBXBuildFile; fileRef = 68A9A0652209F98300457876 /* vulkan_utils.cpp */; };
		68A9A0692209F98300457876 /* vulkan_utils.cpp in Sources */ = {isa = PBXBuildFile; fileRef = 68A9A0652209F98300457876 /* vulkan_utils.cpp */; };
		68A9A06C220B0FEA00457876 /* Device.cpp in Sources */ = {isa = PBXBuildFile; fileRef = 68A9A06A220B0FEA00457876 /* Device.cpp */; };
		68A9A06D220B0FEA00457876 /* Device.cpp in Sources */ = {isa = PBXBuildFile; fileRef = 68A9A06A220B0FEA00457876 /* Device.cpp */; };
		68A9A06E220B0FEA00457876 /* Device.cpp in Sources */ = {isa = PBXBuildFile; fileRef = 68A9A06A220B0FEA00457876 /* Device.cpp */; };
		68A9A07A220B2F9500457876 /* libboost_thread.a in Frameworks */ = {isa = PBXBuildFile; fileRef = 68A9A079220B2F9500457876 /* libboost_thread.a */; };
		68A9A07D220B3DDC00457876 /* Queue.cpp in Sources */ = {isa = PBXBuildFile; fileRef = 68A9A07B220B3DDC00457876 /* Queue.cpp */; };
		68A9A07E220B3DDC00457876 /* Queue.cpp in Sources */ = {isa = PBXBuildFile; fileRef = 68A9A07B220B3DDC00457876 /* Queue.cpp */; };
		68A9A07F220B3DDC00457876 /* Queue.cpp in Sources */ = {isa = PBXBuildFile; fileRef = 68A9A07B220B3DDC00457876 /* Queue.cpp */; };
		68A9A081220BB1BF00457876 /* vulkan_utils.hpp in CopyFiles */ = {isa = PBXBuildFile; fileRef = 68A9A0662209F98300457876 /* vulkan_utils.hpp */; };
		68A9A082220BB1BF00457876 /* GUI.hpp in CopyFiles */ = {isa = PBXBuildFile; fileRef = 686AD24322088A4900AC826C /* GUI.hpp */; };
		68A9A083220BB1BF00457876 /* Rectangle.hpp in CopyFiles */ = {isa = PBXBuildFile; fileRef = 686AD2342208693500AC826C /* Rectangle.hpp */; };
		68A9A084220BB1BF00457876 /* Vector.hpp in CopyFiles */ = {isa = PBXBuildFile; fileRef = 686AD23922086E8E00AC826C /* Vector.hpp */; };
		68A9A085220BB1BF00457876 /* Window.hpp in CopyFiles */ = {isa = PBXBuildFile; fileRef = 686AD22F2208647900AC826C /* Window.hpp */; };
		68A9A086220BB1BF00457876 /* View.hpp in CopyFiles */ = {isa = PBXBuildFile; fileRef = 686AD23E220878AA00AC826C /* View.hpp */; };
		68A9A087220BB1BF00457876 /* Instance.hpp in CopyFiles */ = {isa = PBXBuildFile; fileRef = 686AD248220893D300AC826C /* Instance.hpp */; };
		68A9A088220BB1BF00457876 /* Backing.hpp in CopyFiles */ = {isa = PBXBuildFile; fileRef = 686AD24D22089F3800AC826C /* Backing.hpp */; };
		68A9A089220BB1BF00457876 /* BackingCache.hpp in CopyFiles */ = {isa = PBXBuildFile; fileRef = 686AD2522208A90400AC826C /* BackingCache.hpp */; };
		68A9A08A220BB1BF00457876 /* ImageView.hpp in CopyFiles */ = {isa = PBXBuildFile; fileRef = 686AD2572208B2BB00AC826C /* ImageView.hpp */; };
		68A9A08B220BB1BF00457876 /* ImageBacking.hpp in CopyFiles */ = {isa = PBXBuildFile; fileRef = 686AD25C2208B34900AC826C /* ImageBacking.hpp */; };
		68A9A08C220BB1BF00457876 /* Device.hpp in CopyFiles */ = {isa = PBXBuildFile; fileRef = 68A9A06B220B0FEA00457876 /* Device.hpp */; };
		68A9A08D220BB1BF00457876 /* Queue.hpp in CopyFiles */ = {isa = PBXBuildFile; fileRef = 68A9A07C220B3DDC00457876 /* Queue.hpp */; };
		68A9A090220C7E2A00457876 /* QueueCapabilities.cpp in Sources */ = {isa = PBXBuildFile; fileRef = 68A9A08E220C7E2A00457876 /* QueueCapabilities.cpp */; };
		68A9A091220C7E2A00457876 /* QueueCapabilities.cpp in Sources */ = {isa = PBXBuildFile; fileRef = 68A9A08E220C7E2A00457876 /* QueueCapabilities.cpp */; };
		68A9A092220C7E2A00457876 /* QueueCapabilities.cpp in Sources */ = {isa = PBXBuildFile; fileRef = 68A9A08E220C7E2A00457876 /* QueueCapabilities.cpp */; };
		68A9A093220C7E9C00457876 /* QueueCapabilities.hpp in CopyFiles */ = {isa = PBXBuildFile; fileRef = 68A9A08F220C7E2A00457876 /* QueueCapabilities.hpp */; };
		68DFA8D722032B8B005D9413 /* MoltenVK.framework in Frameworks */ = {isa = PBXBuildFile; fileRef = 68DFA8D622032B8A005D9413 /* MoltenVK.framework */; };
		68DFA8D92203315C005D9413 /* MoltenVKView.mm in Sources */ = {isa = PBXBuildFile; fileRef = 68DFA8D82203315C005D9413 /* MoltenVKView.mm */; };
		68F2627C22030EA70078E5E4 /* AppDelegate.m in Sources */ = {isa = PBXBuildFile; fileRef = 68F2627B22030EA70078E5E4 /* AppDelegate.m */; };
		68F2627F22030EA70078E5E4 /* GameViewController.m in Sources */ = {isa = PBXBuildFile; fileRef = 68F2627E22030EA70078E5E4 /* GameViewController.m */; };
		68F2628222030EA70078E5E4 /* Main.storyboard in Resources */ = {isa = PBXBuildFile; fileRef = 68F2628022030EA70078E5E4 /* Main.storyboard */; };
		68F2628522030EA70078E5E4 /* LaunchScreen.storyboard in Resources */ = {isa = PBXBuildFile; fileRef = 68F2628322030EA70078E5E4 /* LaunchScreen.storyboard */; };
		68F2628822030EA70078E5E4 /* main.m in Sources */ = {isa = PBXBuildFile; fileRef = 68F2628722030EA70078E5E4 /* main.m */; };
		68F2629122030EA70078E5E4 /* AppDelegate.m in Sources */ = {isa = PBXBuildFile; fileRef = 68F2629022030EA70078E5E4 /* AppDelegate.m */; };
		68F2629422030EA70078E5E4 /* GameViewController.m in Sources */ = {isa = PBXBuildFile; fileRef = 68F2629322030EA70078E5E4 /* GameViewController.m */; };
		68F2629722030EA70078E5E4 /* Main.storyboard in Resources */ = {isa = PBXBuildFile; fileRef = 68F2629522030EA70078E5E4 /* Main.storyboard */; };
		68F2629A22030EA70078E5E4 /* main.m in Sources */ = {isa = PBXBuildFile; fileRef = 68F2629922030EA70078E5E4 /* main.m */; };
		68F262A322030EA70078E5E4 /* AppDelegate.m in Sources */ = {isa = PBXBuildFile; fileRef = 68F262A222030EA70078E5E4 /* AppDelegate.m */; };
		68F262A622030EA70078E5E4 /* MoltenVKViewController.mm in Sources */ = {isa = PBXBuildFile; fileRef = 68F262A522030EA70078E5E4 /* MoltenVKViewController.mm */; };
		68F262A922030EA70078E5E4 /* Main.storyboard in Resources */ = {isa = PBXBuildFile; fileRef = 68F262A722030EA70078E5E4 /* Main.storyboard */; };
		68F262AC22030EA70078E5E4 /* main.m in Sources */ = {isa = PBXBuildFile; fileRef = 68F262AB22030EA70078E5E4 /* main.m */; };
		68F262B322030EA70078E5E4 /* Assets.xcassets in Resources */ = {isa = PBXBuildFile; fileRef = 68F2627222030EA70078E5E4 /* Assets.xcassets */; };
		68F262B422030EA70078E5E4 /* Assets.xcassets in Resources */ = {isa = PBXBuildFile; fileRef = 68F2627222030EA70078E5E4 /* Assets.xcassets */; };
		68F262B522030EA70078E5E4 /* Assets.xcassets in Resources */ = {isa = PBXBuildFile; fileRef = 68F2627222030EA70078E5E4 /* Assets.xcassets */; };
/* End PBXBuildFile section */

/* Begin PBXCopyFilesBuildPhase section */
		68A9A080220BB12C00457876 /* CopyFiles */ = {
			isa = PBXCopyFilesBuildPhase;
			buildActionMask = 2147483647;
			dstPath = include/TTauri/Toolkit/GUI;
			dstSubfolderSpec = 16;
			files = (
				68A9A081220BB1BF00457876 /* vulkan_utils.hpp in CopyFiles */,
				68A9A082220BB1BF00457876 /* GUI.hpp in CopyFiles */,
				68A9A083220BB1BF00457876 /* Rectangle.hpp in CopyFiles */,
				68A9A084220BB1BF00457876 /* Vector.hpp in CopyFiles */,
				68A9A085220BB1BF00457876 /* Window.hpp in CopyFiles */,
				68A9A086220BB1BF00457876 /* View.hpp in CopyFiles */,
				68A9A087220BB1BF00457876 /* Instance.hpp in CopyFiles */,
				68A9A088220BB1BF00457876 /* Backing.hpp in CopyFiles */,
				68A9A089220BB1BF00457876 /* BackingCache.hpp in CopyFiles */,
				68A9A08A220BB1BF00457876 /* ImageView.hpp in CopyFiles */,
				68A9A08B220BB1BF00457876 /* ImageBacking.hpp in CopyFiles */,
				68A9A08C220BB1BF00457876 /* Device.hpp in CopyFiles */,
				68A9A08D220BB1BF00457876 /* Queue.hpp in CopyFiles */,
				68A9A093220C7E9C00457876 /* QueueCapabilities.hpp in CopyFiles */,
			);
			runOnlyForDeploymentPostprocessing = 0;
		};
/* End PBXCopyFilesBuildPhase section */

/* Begin PBXFileReference section */
		686AD22E2208647900AC826C /* Window.cpp */ = {isa = PBXFileReference; lastKnownFileType = sourcecode.cpp.cpp; path = Window.cpp; sourceTree = "<group>"; };
		686AD22F2208647900AC826C /* Window.hpp */ = {isa = PBXFileReference; lastKnownFileType = sourcecode.cpp.h; path = Window.hpp; sourceTree = "<group>"; };
		686AD2332208693500AC826C /* Rectangle.cpp */ = {isa = PBXFileReference; lastKnownFileType = sourcecode.cpp.cpp; path = Rectangle.cpp; sourceTree = "<group>"; };
		686AD2342208693500AC826C /* Rectangle.hpp */ = {isa = PBXFileReference; lastKnownFileType = sourcecode.cpp.h; path = Rectangle.hpp; sourceTree = "<group>"; };
		686AD23822086E8E00AC826C /* Vector.cpp */ = {isa = PBXFileReference; lastKnownFileType = sourcecode.cpp.cpp; path = Vector.cpp; sourceTree = "<group>"; };
		686AD23922086E8E00AC826C /* Vector.hpp */ = {isa = PBXFileReference; lastKnownFileType = sourcecode.cpp.h; path = Vector.hpp; sourceTree = "<group>"; };
		686AD23D220878AA00AC826C /* View.cpp */ = {isa = PBXFileReference; lastKnownFileType = sourcecode.cpp.cpp; path = View.cpp; sourceTree = "<group>"; };
		686AD23E220878AA00AC826C /* View.hpp */ = {isa = PBXFileReference; lastKnownFileType = sourcecode.cpp.h; path = View.hpp; sourceTree = "<group>"; };
		686AD24222088A4900AC826C /* GUI.cpp */ = {isa = PBXFileReference; lastKnownFileType = sourcecode.cpp.cpp; path = GUI.cpp; sourceTree = "<group>"; };
		686AD24322088A4900AC826C /* GUI.hpp */ = {isa = PBXFileReference; lastKnownFileType = sourcecode.cpp.h; path = GUI.hpp; sourceTree = "<group>"; };
		686AD247220893D300AC826C /* Instance.cpp */ = {isa = PBXFileReference; lastKnownFileType = sourcecode.cpp.cpp; path = Instance.cpp; sourceTree = "<group>"; };
		686AD248220893D300AC826C /* Instance.hpp */ = {isa = PBXFileReference; lastKnownFileType = sourcecode.cpp.h; path = Instance.hpp; sourceTree = "<group>"; };
		686AD24C22089F3800AC826C /* Backing.cpp */ = {isa = PBXFileReference; lastKnownFileType = sourcecode.cpp.cpp; path = Backing.cpp; sourceTree = "<group>"; };
		686AD24D22089F3800AC826C /* Backing.hpp */ = {isa = PBXFileReference; lastKnownFileType = sourcecode.cpp.h; path = Backing.hpp; sourceTree = "<group>"; };
		686AD2512208A90400AC826C /* BackingCache.cpp */ = {isa = PBXFileReference; lastKnownFileType = sourcecode.cpp.cpp; path = BackingCache.cpp; sourceTree = "<group>"; };
		686AD2522208A90400AC826C /* BackingCache.hpp */ = {isa = PBXFileReference; lastKnownFileType = sourcecode.cpp.h; path = BackingCache.hpp; sourceTree = "<group>"; };
		686AD2562208B2BB00AC826C /* ImageView.cpp */ = {isa = PBXFileReference; lastKnownFileType = sourcecode.cpp.cpp; path = ImageView.cpp; sourceTree = "<group>"; };
		686AD2572208B2BB00AC826C /* ImageView.hpp */ = {isa = PBXFileReference; lastKnownFileType = sourcecode.cpp.h; path = ImageView.hpp; sourceTree = "<group>"; };
		686AD25B2208B34900AC826C /* ImageBacking.cpp */ = {isa = PBXFileReference; lastKnownFileType = sourcecode.cpp.cpp; path = ImageBacking.cpp; sourceTree = "<group>"; };
		686AD25C2208B34900AC826C /* ImageBacking.hpp */ = {isa = PBXFileReference; lastKnownFileType = sourcecode.cpp.h; path = ImageBacking.hpp; sourceTree = "<group>"; };
		68A9A0612208FC3600457876 /* libboost_system.a */ = {isa = PBXFileReference; lastKnownFileType = archive.ar; name = libboost_system.a; path = ../../../../opt/boost_1_69_0/stage/lib/libboost_system.a; sourceTree = "<group>"; };
		68A9A0632208FC4100457876 /* libboost_filesystem.a */ = {isa = PBXFileReference; lastKnownFileType = archive.ar; name = libboost_filesystem.a; path = ../../../../opt/boost_1_69_0/stage/lib/libboost_filesystem.a; sourceTree = "<group>"; };
		68A9A0652209F98300457876 /* vulkan_utils.cpp */ = {isa = PBXFileReference; lastKnownFileType = sourcecode.cpp.cpp; path = vulkan_utils.cpp; sourceTree = "<group>"; };
		68A9A0662209F98300457876 /* vulkan_utils.hpp */ = {isa = PBXFileReference; lastKnownFileType = sourcecode.cpp.h; path = vulkan_utils.hpp; sourceTree = "<group>"; };
		68A9A06A220B0FEA00457876 /* Device.cpp */ = {isa = PBXFileReference; lastKnownFileType = sourcecode.cpp.cpp; path = Device.cpp; sourceTree = "<group>"; };
		68A9A06B220B0FEA00457876 /* Device.hpp */ = {isa = PBXFileReference; lastKnownFileType = sourcecode.cpp.h; path = Device.hpp; sourceTree = "<group>"; };
		68A9A079220B2F9500457876 /* libboost_thread.a */ = {isa = PBXFileReference; lastKnownFileType = archive.ar; name = libboost_thread.a; path = ../../../../opt/boost_1_69_0/stage/lib/libboost_thread.a; sourceTree = "<group>"; };
		68A9A07B220B3DDC00457876 /* Queue.cpp */ = {isa = PBXFileReference; lastKnownFileType = sourcecode.cpp.cpp; path = Queue.cpp; sourceTree = "<group>"; };
		68A9A07C220B3DDC00457876 /* Queue.hpp */ = {isa = PBXFileReference; lastKnownFileType = sourcecode.cpp.h; path = Queue.hpp; sourceTree = "<group>"; };
		68A9A08E220C7E2A00457876 /* QueueCapabilities.cpp */ = {isa = PBXFileReference; lastKnownFileType = sourcecode.cpp.cpp; path = QueueCapabilities.cpp; sourceTree = "<group>"; };
		68A9A08F220C7E2A00457876 /* QueueCapabilities.hpp */ = {isa = PBXFileReference; lastKnownFileType = sourcecode.cpp.h; path = QueueCapabilities.hpp; sourceTree = "<group>"; };
		68DFA8D622032B8A005D9413 /* MoltenVK.framework */ = {isa = PBXFileReference; lastKnownFileType = wrapper.framework; name = MoltenVK.framework; path = ../../Library/Frameworks/MoltenVK.framework; sourceTree = "<group>"; };
		68DFA8D82203315C005D9413 /* MoltenVKView.mm */ = {isa = PBXFileReference; lastKnownFileType = sourcecode.cpp.objcpp; path = MoltenVKView.mm; sourceTree = "<group>"; };
		68DFA8DA2203317E005D9413 /* MoltenVKView.h */ = {isa = PBXFileReference; lastKnownFileType = sourcecode.c.h; path = MoltenVKView.h; sourceTree = "<group>"; };
		68DFA8DB2203374E005D9413 /* cube.h */ = {isa = PBXFileReference; lastKnownFileType = sourcecode.c.h; path = cube.h; sourceTree = "<group>"; };
		68DFA8DC2203374E005D9413 /* cube.c */ = {isa = PBXFileReference; lastKnownFileType = sourcecode.c.c; path = cube.c; sourceTree = "<group>"; };
		68DFA8DE22033827005D9413 /* linmath.h */ = {isa = PBXFileReference; lastKnownFileType = sourcecode.c.h; path = linmath.h; sourceTree = "<group>"; };
		68DFA8DF22033875005D9413 /* object_type_string_helper.h */ = {isa = PBXFileReference; lastKnownFileType = sourcecode.c.h; path = object_type_string_helper.h; sourceTree = "<group>"; };
		68DFA8E0220338A8005D9413 /* gettime.h */ = {isa = PBXFileReference; lastKnownFileType = sourcecode.c.h; path = gettime.h; sourceTree = "<group>"; };
		68DFA8E1220338E4005D9413 /* lunarg.ppm.h */ = {isa = PBXFileReference; lastKnownFileType = sourcecode.c.h; path = lunarg.ppm.h; sourceTree = "<group>"; };
		68DFA8E222033940005D9413 /* cube.frag.inc */ = {isa = PBXFileReference; lastKnownFileType = sourcecode.pascal; path = cube.frag.inc; sourceTree = "<group>"; };
		68DFA8E322033940005D9413 /* cube.vert.inc */ = {isa = PBXFileReference; lastKnownFileType = sourcecode.pascal; path = cube.vert.inc; sourceTree = "<group>"; };
		68F2627022030EA30078E5E4 /* ShaderTypes.h */ = {isa = PBXFileReference; lastKnownFileType = sourcecode.c.h; path = ShaderTypes.h; sourceTree = "<group>"; };
		68F2627222030EA70078E5E4 /* Assets.xcassets */ = {isa = PBXFileReference; lastKnownFileType = folder.assetcatalog; path = Assets.xcassets; sourceTree = "<group>"; };
		68F2627722030EA70078E5E4 /* TTauri.app */ = {isa = PBXFileReference; explicitFileType = wrapper.application; includeInIndex = 0; path = TTauri.app; sourceTree = BUILT_PRODUCTS_DIR; };
		68F2627A22030EA70078E5E4 /* AppDelegate.h */ = {isa = PBXFileReference; lastKnownFileType = sourcecode.c.h; path = AppDelegate.h; sourceTree = "<group>"; };
		68F2627B22030EA70078E5E4 /* AppDelegate.m */ = {isa = PBXFileReference; lastKnownFileType = sourcecode.c.objc; path = AppDelegate.m; sourceTree = "<group>"; };
		68F2627D22030EA70078E5E4 /* GameViewController.h */ = {isa = PBXFileReference; lastKnownFileType = sourcecode.c.h; path = GameViewController.h; sourceTree = "<group>"; };
		68F2627E22030EA70078E5E4 /* GameViewController.m */ = {isa = PBXFileReference; lastKnownFileType = sourcecode.c.objc; path = GameViewController.m; sourceTree = "<group>"; };
		68F2628122030EA70078E5E4 /* Base */ = {isa = PBXFileReference; lastKnownFileType = file.storyboard; name = Base; path = Base.lproj/Main.storyboard; sourceTree = "<group>"; };
		68F2628422030EA70078E5E4 /* Base */ = {isa = PBXFileReference; lastKnownFileType = file.storyboard; name = Base; path = Base.lproj/LaunchScreen.storyboard; sourceTree = "<group>"; };
		68F2628622030EA70078E5E4 /* Info.plist */ = {isa = PBXFileReference; lastKnownFileType = text.plist.xml; path = Info.plist; sourceTree = "<group>"; };
		68F2628722030EA70078E5E4 /* main.m */ = {isa = PBXFileReference; lastKnownFileType = sourcecode.c.objc; path = main.m; sourceTree = "<group>"; };
		68F2628D22030EA70078E5E4 /* TTauri.app */ = {isa = PBXFileReference; explicitFileType = wrapper.application; includeInIndex = 0; path = TTauri.app; sourceTree = BUILT_PRODUCTS_DIR; };
		68F2628F22030EA70078E5E4 /* AppDelegate.h */ = {isa = PBXFileReference; lastKnownFileType = sourcecode.c.h; path = AppDelegate.h; sourceTree = "<group>"; };
		68F2629022030EA70078E5E4 /* AppDelegate.m */ = {isa = PBXFileReference; lastKnownFileType = sourcecode.c.objc; path = AppDelegate.m; sourceTree = "<group>"; };
		68F2629222030EA70078E5E4 /* GameViewController.h */ = {isa = PBXFileReference; lastKnownFileType = sourcecode.c.h; path = GameViewController.h; sourceTree = "<group>"; };
		68F2629322030EA70078E5E4 /* GameViewController.m */ = {isa = PBXFileReference; lastKnownFileType = sourcecode.c.objc; path = GameViewController.m; sourceTree = "<group>"; };
		68F2629622030EA70078E5E4 /* Base */ = {isa = PBXFileReference; lastKnownFileType = file.storyboard; name = Base; path = Base.lproj/Main.storyboard; sourceTree = "<group>"; };
		68F2629822030EA70078E5E4 /* Info.plist */ = {isa = PBXFileReference; lastKnownFileType = text.plist.xml; path = Info.plist; sourceTree = "<group>"; };
		68F2629922030EA70078E5E4 /* main.m */ = {isa = PBXFileReference; lastKnownFileType = sourcecode.c.objc; path = main.m; sourceTree = "<group>"; };
		68F2629F22030EA70078E5E4 /* TTauri.app */ = {isa = PBXFileReference; explicitFileType = wrapper.application; includeInIndex = 0; path = TTauri.app; sourceTree = BUILT_PRODUCTS_DIR; };
		68F262A122030EA70078E5E4 /* AppDelegate.h */ = {isa = PBXFileReference; lastKnownFileType = sourcecode.c.h; path = AppDelegate.h; sourceTree = "<group>"; };
		68F262A222030EA70078E5E4 /* AppDelegate.m */ = {isa = PBXFileReference; lastKnownFileType = sourcecode.c.objc; path = AppDelegate.m; sourceTree = "<group>"; };
		68F262A422030EA70078E5E4 /* MoltenVKViewController.h */ = {isa = PBXFileReference; lastKnownFileType = sourcecode.c.h; path = MoltenVKViewController.h; sourceTree = "<group>"; };
		68F262A522030EA70078E5E4 /* MoltenVKViewController.mm */ = {isa = PBXFileReference; lastKnownFileType = sourcecode.cpp.objcpp; path = MoltenVKViewController.mm; sourceTree = "<group>"; };
		68F262A822030EA70078E5E4 /* Base */ = {isa = PBXFileReference; lastKnownFileType = file.storyboard; name = Base; path = Base.lproj/Main.storyboard; sourceTree = "<group>"; };
		68F262AA22030EA70078E5E4 /* Info.plist */ = {isa = PBXFileReference; lastKnownFileType = text.plist.xml; path = Info.plist; sourceTree = "<group>"; };
		68F262AB22030EA70078E5E4 /* main.m */ = {isa = PBXFileReference; lastKnownFileType = sourcecode.c.objc; path = main.m; sourceTree = "<group>"; };
/* End PBXFileReference section */

/* Begin PBXFrameworksBuildPhase section */
		68F2627422030EA70078E5E4 /* Frameworks */ = {
			isa = PBXFrameworksBuildPhase;
			buildActionMask = 2147483647;
			files = (
			);
			runOnlyForDeploymentPostprocessing = 0;
		};
		68F2628A22030EA70078E5E4 /* Frameworks */ = {
			isa = PBXFrameworksBuildPhase;
			buildActionMask = 2147483647;
			files = (
			);
			runOnlyForDeploymentPostprocessing = 0;
		};
		68F2629C22030EA70078E5E4 /* Frameworks */ = {
			isa = PBXFrameworksBuildPhase;
			buildActionMask = 2147483647;
			files = (
				68DFA8D722032B8B005D9413 /* MoltenVK.framework in Frameworks */,
				68A9A0622208FC3600457876 /* libboost_system.a in Frameworks */,
				68A9A0642208FC4100457876 /* libboost_filesystem.a in Frameworks */,
				68A9A07A220B2F9500457876 /* libboost_thread.a in Frameworks */,
			);
			runOnlyForDeploymentPostprocessing = 0;
		};
/* End PBXFrameworksBuildPhase section */

/* Begin PBXGroup section */
		686AD22C220861ED00AC826C /* Toolkit */ = {
			isa = PBXGroup;
			children = (
				686AD22D2208645600AC826C /* GUI */,
			);
			path = Toolkit;
			sourceTree = "<group>";
		};
		686AD22D2208645600AC826C /* GUI */ = {
			isa = PBXGroup;
			children = (
				68A9A0652209F98300457876 /* vulkan_utils.cpp */,
				68A9A0662209F98300457876 /* vulkan_utils.hpp */,
				686AD24222088A4900AC826C /* GUI.cpp */,
				686AD24322088A4900AC826C /* GUI.hpp */,
				686AD2332208693500AC826C /* Rectangle.cpp */,
				686AD2342208693500AC826C /* Rectangle.hpp */,
				686AD23822086E8E00AC826C /* Vector.cpp */,
				686AD23922086E8E00AC826C /* Vector.hpp */,
				686AD22E2208647900AC826C /* Window.cpp */,
				686AD22F2208647900AC826C /* Window.hpp */,
				686AD23D220878AA00AC826C /* View.cpp */,
				686AD23E220878AA00AC826C /* View.hpp */,
				686AD247220893D300AC826C /* Instance.cpp */,
				686AD248220893D300AC826C /* Instance.hpp */,
				686AD24C22089F3800AC826C /* Backing.cpp */,
				686AD24D22089F3800AC826C /* Backing.hpp */,
				686AD2512208A90400AC826C /* BackingCache.cpp */,
				686AD2522208A90400AC826C /* BackingCache.hpp */,
				686AD2562208B2BB00AC826C /* ImageView.cpp */,
				686AD2572208B2BB00AC826C /* ImageView.hpp */,
				686AD25B2208B34900AC826C /* ImageBacking.cpp */,
				686AD25C2208B34900AC826C /* ImageBacking.hpp */,
				68A9A06A220B0FEA00457876 /* Device.cpp */,
				68A9A06B220B0FEA00457876 /* Device.hpp */,
				68A9A07B220B3DDC00457876 /* Queue.cpp */,
				68A9A07C220B3DDC00457876 /* Queue.hpp */,
				68A9A08E220C7E2A00457876 /* QueueCapabilities.cpp */,
				68A9A08F220C7E2A00457876 /* QueueCapabilities.hpp */,
			);
			path = GUI;
			sourceTree = "<group>";
		};
		68DFA8D522032B8A005D9413 /* Frameworks */ = {
			isa = PBXGroup;
			children = (
				68A9A079220B2F9500457876 /* libboost_thread.a */,
				68A9A0632208FC4100457876 /* libboost_filesystem.a */,
				68A9A0612208FC3600457876 /* libboost_system.a */,
				68DFA8D622032B8A005D9413 /* MoltenVK.framework */,
			);
			name = Frameworks;
			sourceTree = "<group>";
		};
		68F2626822030EA30078E5E4 = {
			isa = PBXGroup;
			children = (
				68F2626D22030EA30078E5E4 /* TTauri Shared */,
				68F2627922030EA70078E5E4 /* TTauri iOS */,
				68F2628E22030EA70078E5E4 /* TTauri tvOS */,
				68F262A022030EA70078E5E4 /* TTauri macOS */,
				68F2627822030EA70078E5E4 /* Products */,
				68DFA8D522032B8A005D9413 /* Frameworks */,
			);
			sourceTree = "<group>";
		};
		68F2626D22030EA30078E5E4 /* TTauri Shared */ = {
			isa = PBXGroup;
			children = (
				686AD22C220861ED00AC826C /* Toolkit */,
				68DFA8E222033940005D9413 /* cube.frag.inc */,
				68DFA8E322033940005D9413 /* cube.vert.inc */,
				68DFA8E1220338E4005D9413 /* lunarg.ppm.h */,
				68DFA8E0220338A8005D9413 /* gettime.h */,
				68DFA8DF22033875005D9413 /* object_type_string_helper.h */,
				68DFA8DE22033827005D9413 /* linmath.h */,
				68F2627022030EA30078E5E4 /* ShaderTypes.h */,
				68F2627222030EA70078E5E4 /* Assets.xcassets */,
				68DFA8DB2203374E005D9413 /* cube.h */,
				68DFA8DC2203374E005D9413 /* cube.c */,
			);
			path = "TTauri Shared";
			sourceTree = "<group>";
		};
		68F2627822030EA70078E5E4 /* Products */ = {
			isa = PBXGroup;
			children = (
				68F2627722030EA70078E5E4 /* TTauri.app */,
				68F2628D22030EA70078E5E4 /* TTauri.app */,
				68F2629F22030EA70078E5E4 /* TTauri.app */,
			);
			name = Products;
			sourceTree = "<group>";
		};
		68F2627922030EA70078E5E4 /* TTauri iOS */ = {
			isa = PBXGroup;
			children = (
				68F2627A22030EA70078E5E4 /* AppDelegate.h */,
				68F2627B22030EA70078E5E4 /* AppDelegate.m */,
				68F2627D22030EA70078E5E4 /* GameViewController.h */,
				68F2627E22030EA70078E5E4 /* GameViewController.m */,
				68F2628022030EA70078E5E4 /* Main.storyboard */,
				68F2628322030EA70078E5E4 /* LaunchScreen.storyboard */,
				68F2628622030EA70078E5E4 /* Info.plist */,
				68F2628722030EA70078E5E4 /* main.m */,
			);
			path = "TTauri iOS";
			sourceTree = "<group>";
		};
		68F2628E22030EA70078E5E4 /* TTauri tvOS */ = {
			isa = PBXGroup;
			children = (
				68F2628F22030EA70078E5E4 /* AppDelegate.h */,
				68F2629022030EA70078E5E4 /* AppDelegate.m */,
				68F2629222030EA70078E5E4 /* GameViewController.h */,
				68F2629322030EA70078E5E4 /* GameViewController.m */,
				68F2629522030EA70078E5E4 /* Main.storyboard */,
				68F2629822030EA70078E5E4 /* Info.plist */,
				68F2629922030EA70078E5E4 /* main.m */,
			);
			path = "TTauri tvOS";
			sourceTree = "<group>";
		};
		68F262A022030EA70078E5E4 /* TTauri macOS */ = {
			isa = PBXGroup;
			children = (
				68F262A122030EA70078E5E4 /* AppDelegate.h */,
				68F262A222030EA70078E5E4 /* AppDelegate.m */,
				68F262A422030EA70078E5E4 /* MoltenVKViewController.h */,
				68F262A522030EA70078E5E4 /* MoltenVKViewController.mm */,
				68F262A722030EA70078E5E4 /* Main.storyboard */,
				68F262AA22030EA70078E5E4 /* Info.plist */,
				68F262AB22030EA70078E5E4 /* main.m */,
				68DFA8D82203315C005D9413 /* MoltenVKView.mm */,
				68DFA8DA2203317E005D9413 /* MoltenVKView.h */,
			);
			path = "TTauri macOS";
			sourceTree = "<group>";
		};
/* End PBXGroup section */

/* Begin PBXNativeTarget section */
		68F2627622030EA70078E5E4 /* TTauri iOS */ = {
			isa = PBXNativeTarget;
			buildConfigurationList = 68F262B822030EA70078E5E4 /* Build configuration list for PBXNativeTarget "TTauri iOS" */;
			buildPhases = (
				68F2627322030EA70078E5E4 /* Sources */,
				68F2627422030EA70078E5E4 /* Frameworks */,
				68F2627522030EA70078E5E4 /* Resources */,
			);
			buildRules = (
			);
			dependencies = (
			);
			name = "TTauri iOS";
			productName = "TTauri iOS";
			productReference = 68F2627722030EA70078E5E4 /* TTauri.app */;
			productType = "com.apple.product-type.application";
		};
		68F2628C22030EA70078E5E4 /* TTauri tvOS */ = {
			isa = PBXNativeTarget;
			buildConfigurationList = 68F262BB22030EA70078E5E4 /* Build configuration list for PBXNativeTarget "TTauri tvOS" */;
			buildPhases = (
				68F2628922030EA70078E5E4 /* Sources */,
				68F2628A22030EA70078E5E4 /* Frameworks */,
				68F2628B22030EA70078E5E4 /* Resources */,
			);
			buildRules = (
			);
			dependencies = (
			);
			name = "TTauri tvOS";
			productName = "TTauri tvOS";
			productReference = 68F2628D22030EA70078E5E4 /* TTauri.app */;
			productType = "com.apple.product-type.application";
		};
		68F2629E22030EA70078E5E4 /* TTauri macOS */ = {
			isa = PBXNativeTarget;
			buildConfigurationList = 68F262BE22030EA70078E5E4 /* Build configuration list for PBXNativeTarget "TTauri macOS" */;
			buildPhases = (
				68A9A080220BB12C00457876 /* CopyFiles */,
				68F2629B22030EA70078E5E4 /* Sources */,
				68F2629C22030EA70078E5E4 /* Frameworks */,
				68F2629D22030EA70078E5E4 /* Resources */,
			);
			buildRules = (
			);
			dependencies = (
			);
			name = "TTauri macOS";
			productName = "TTauri macOS";
			productReference = 68F2629F22030EA70078E5E4 /* TTauri.app */;
			productType = "com.apple.product-type.application";
		};
/* End PBXNativeTarget section */

/* Begin PBXProject section */
		68F2626922030EA30078E5E4 /* Project object */ = {
			isa = PBXProject;
			attributes = {
				LastUpgradeCheck = 1010;
				ORGANIZATIONNAME = Pokitec;
				TargetAttributes = {
					68F2627622030EA70078E5E4 = {
						CreatedOnToolsVersion = 10.1;
					};
					68F2628C22030EA70078E5E4 = {
						CreatedOnToolsVersion = 10.1;
					};
					68F2629E22030EA70078E5E4 = {
						CreatedOnToolsVersion = 10.1;
					};
				};
			};
			buildConfigurationList = 68F2626C22030EA30078E5E4 /* Build configuration list for PBXProject "TTauri" */;
			compatibilityVersion = "Xcode 9.3";
			developmentRegion = en;
			hasScannedForEncodings = 0;
			knownRegions = (
				en,
				Base,
			);
			mainGroup = 68F2626822030EA30078E5E4;
			productRefGroup = 68F2627822030EA70078E5E4 /* Products */;
			projectDirPath = "";
			projectRoot = "";
			targets = (
				68F2627622030EA70078E5E4 /* TTauri iOS */,
				68F2628C22030EA70078E5E4 /* TTauri tvOS */,
				68F2629E22030EA70078E5E4 /* TTauri macOS */,
			);
		};
/* End PBXProject section */

/* Begin PBXResourcesBuildPhase section */
		68F2627522030EA70078E5E4 /* Resources */ = {
			isa = PBXResourcesBuildPhase;
			buildActionMask = 2147483647;
			files = (
				68F2628222030EA70078E5E4 /* Main.storyboard in Resources */,
				68F262B322030EA70078E5E4 /* Assets.xcassets in Resources */,
				68F2628522030EA70078E5E4 /* LaunchScreen.storyboard in Resources */,
			);
			runOnlyForDeploymentPostprocessing = 0;
		};
		68F2628B22030EA70078E5E4 /* Resources */ = {
			isa = PBXResourcesBuildPhase;
			buildActionMask = 2147483647;
			files = (
				68F262B422030EA70078E5E4 /* Assets.xcassets in Resources */,
				68F2629722030EA70078E5E4 /* Main.storyboard in Resources */,
			);
			runOnlyForDeploymentPostprocessing = 0;
		};
		68F2629D22030EA70078E5E4 /* Resources */ = {
			isa = PBXResourcesBuildPhase;
			buildActionMask = 2147483647;
			files = (
				68F262B522030EA70078E5E4 /* Assets.xcassets in Resources */,
				68F262A922030EA70078E5E4 /* Main.storyboard in Resources */,
			);
			runOnlyForDeploymentPostprocessing = 0;
		};
/* End PBXResourcesBuildPhase section */

/* Begin PBXSourcesBuildPhase section */
		68F2627322030EA70078E5E4 /* Sources */ = {
			isa = PBXSourcesBuildPhase;
			buildActionMask = 2147483647;
			files = (
				686AD2532208A90400AC826C /* BackingCache.cpp in Sources */,
				68A9A06C220B0FEA00457876 /* Device.cpp in Sources */,
				68F2627F22030EA70078E5E4 /* GameViewController.m in Sources */,
				686AD249220893D300AC826C /* Instance.cpp in Sources */,
				68F2628822030EA70078E5E4 /* main.m in Sources */,
				686AD24E22089F3800AC826C /* Backing.cpp in Sources */,
				686AD25D2208B34900AC826C /* ImageBacking.cpp in Sources */,
				686AD23A22086E8E00AC826C /* Vector.cpp in Sources */,
				68F2627C22030EA70078E5E4 /* AppDelegate.m in Sources */,
				68A9A0672209F98300457876 /* vulkan_utils.cpp in Sources */,
				686AD23F220878AA00AC826C /* View.cpp in Sources */,
				686AD2582208B2BB00AC826C /* ImageView.cpp in Sources */,
				686AD24422088A4900AC826C /* GUI.cpp in Sources */,
				686AD2352208693500AC826C /* Rectangle.cpp in Sources */,
				686AD2302208647900AC826C /* Window.cpp in Sources */,
				68A9A07D220B3DDC00457876 /* Queue.cpp in Sources */,
				68A9A090220C7E2A00457876 /* QueueCapabilities.cpp in Sources */,
			);
			runOnlyForDeploymentPostprocessing = 0;
		};
		68F2628922030EA70078E5E4 /* Sources */ = {
			isa = PBXSourcesBuildPhase;
			buildActionMask = 2147483647;
			files = (
				686AD2542208A90400AC826C /* BackingCache.cpp in Sources */,
				68A9A06D220B0FEA00457876 /* Device.cpp in Sources */,
				68F2629422030EA70078E5E4 /* GameViewController.m in Sources */,
				686AD24A220893D300AC826C /* Instance.cpp in Sources */,
				68F2629A22030EA70078E5E4 /* main.m in Sources */,
				686AD24F22089F3800AC826C /* Backing.cpp in Sources */,
				686AD25E2208B34900AC826C /* ImageBacking.cpp in Sources */,
				686AD23B22086E8E00AC826C /* Vector.cpp in Sources */,
				68F2629122030EA70078E5E4 /* AppDelegate.m in Sources */,
				68A9A0682209F98300457876 /* vulkan_utils.cpp in Sources */,
				686AD240220878AA00AC826C /* View.cpp in Sources */,
				686AD2592208B2BB00AC826C /* ImageView.cpp in Sources */,
				686AD24522088A4900AC826C /* GUI.cpp in Sources */,
				686AD2362208693500AC826C /* Rectangle.cpp in Sources */,
				686AD2312208647900AC826C /* Window.cpp in Sources */,
				68A9A07E220B3DDC00457876 /* Queue.cpp in Sources */,
				68A9A091220C7E2A00457876 /* QueueCapabilities.cpp in Sources */,
			);
			runOnlyForDeploymentPostprocessing = 0;
		};
		68F2629B22030EA70078E5E4 /* Sources */ = {
			isa = PBXSourcesBuildPhase;
			buildActionMask = 2147483647;
			files = (
				68F262A622030EA70078E5E4 /* MoltenVKViewController.mm in Sources */,
				686AD2322208647900AC826C /* Window.cpp in Sources */,
				68A9A0692209F98300457876 /* vulkan_utils.cpp in Sources */,
				68DFA8D92203315C005D9413 /* MoltenVKView.mm in Sources */,
				686AD25022089F3800AC826C /* Backing.cpp in Sources */,
				686AD24622088A4900AC826C /* GUI.cpp in Sources */,
				686AD241220878AA00AC826C /* View.cpp in Sources */,
				68F262AC22030EA70078E5E4 /* main.m in Sources */,
				686AD2372208693500AC826C /* Rectangle.cpp in Sources */,
				68A9A092220C7E2A00457876 /* QueueCapabilities.cpp in Sources */,
				686AD24B220893D300AC826C /* Instance.cpp in Sources */,
				68A9A07F220B3DDC00457876 /* Queue.cpp in Sources */,
				686AD25A2208B2BB00AC826C /* ImageView.cpp in Sources */,
				68A9A06E220B0FEA00457876 /* Device.cpp in Sources */,
				686AD2552208A90400AC826C /* BackingCache.cpp in Sources */,
				686AD25F2208B34900AC826C /* ImageBacking.cpp in Sources */,
				686AD23C22086E8E00AC826C /* Vector.cpp in Sources */,
				68F262A322030EA70078E5E4 /* AppDelegate.m in Sources */,
			);
			runOnlyForDeploymentPostprocessing = 0;
		};
/* End PBXSourcesBuildPhase section */

/* Begin PBXVariantGroup section */
		68F2628022030EA70078E5E4 /* Main.storyboard */ = {
			isa = PBXVariantGroup;
			children = (
				68F2628122030EA70078E5E4 /* Base */,
			);
			name = Main.storyboard;
			sourceTree = "<group>";
		};
		68F2628322030EA70078E5E4 /* LaunchScreen.storyboard */ = {
			isa = PBXVariantGroup;
			children = (
				68F2628422030EA70078E5E4 /* Base */,
			);
			name = LaunchScreen.storyboard;
			sourceTree = "<group>";
		};
		68F2629522030EA70078E5E4 /* Main.storyboard */ = {
			isa = PBXVariantGroup;
			children = (
				68F2629622030EA70078E5E4 /* Base */,
			);
			name = Main.storyboard;
			sourceTree = "<group>";
		};
		68F262A722030EA70078E5E4 /* Main.storyboard */ = {
			isa = PBXVariantGroup;
			children = (
				68F262A822030EA70078E5E4 /* Base */,
			);
			name = Main.storyboard;
			sourceTree = "<group>";
		};
/* End PBXVariantGroup section */

/* Begin XCBuildConfiguration section */
		68F262B622030EA70078E5E4 /* Debug */ = {
			isa = XCBuildConfiguration;
			buildSettings = {
				ALWAYS_SEARCH_USER_PATHS = NO;
				CLANG_ANALYZER_NONNULL = YES;
				CLANG_ANALYZER_NUMBER_OBJECT_CONVERSION = YES_AGGRESSIVE;
				CLANG_CXX_LANGUAGE_STANDARD = "gnu++14";
				CLANG_CXX_LIBRARY = "libc++";
				CLANG_ENABLE_MODULES = YES;
				CLANG_ENABLE_OBJC_ARC = YES;
				CLANG_ENABLE_OBJC_WEAK = YES;
				CLANG_WARN_BLOCK_CAPTURE_AUTORELEASING = YES;
				CLANG_WARN_BOOL_CONVERSION = YES;
				CLANG_WARN_COMMA = YES;
				CLANG_WARN_CONSTANT_CONVERSION = YES;
				CLANG_WARN_DEPRECATED_OBJC_IMPLEMENTATIONS = YES;
				CLANG_WARN_DIRECT_OBJC_ISA_USAGE = YES_ERROR;
				CLANG_WARN_DOCUMENTATION_COMMENTS = NO;
				CLANG_WARN_EMPTY_BODY = YES;
				CLANG_WARN_ENUM_CONVERSION = YES;
				CLANG_WARN_INFINITE_RECURSION = YES;
				CLANG_WARN_INT_CONVERSION = YES;
				CLANG_WARN_NON_LITERAL_NULL_CONVERSION = YES;
				CLANG_WARN_OBJC_IMPLICIT_RETAIN_SELF = YES;
				CLANG_WARN_OBJC_LITERAL_CONVERSION = YES;
				CLANG_WARN_OBJC_ROOT_CLASS = YES_ERROR;
				CLANG_WARN_RANGE_LOOP_ANALYSIS = YES;
				CLANG_WARN_STRICT_PROTOTYPES = YES;
				CLANG_WARN_SUSPICIOUS_MOVE = YES;
				CLANG_WARN_UNGUARDED_AVAILABILITY = YES_AGGRESSIVE;
				CLANG_WARN_UNREACHABLE_CODE = YES;
				CLANG_WARN__DUPLICATE_METHOD_MATCH = YES;
				COPY_PHASE_STRIP = NO;
				DEBUG_INFORMATION_FORMAT = dwarf;
				ENABLE_STRICT_OBJC_MSGSEND = YES;
				ENABLE_TESTABILITY = YES;
				GCC_C_LANGUAGE_STANDARD = gnu11;
				GCC_DYNAMIC_NO_PIC = NO;
				GCC_NO_COMMON_BLOCKS = YES;
				GCC_OPTIMIZATION_LEVEL = 0;
				GCC_PREPROCESSOR_DEFINITIONS = "DEBUG=1";
				GCC_WARN_64_TO_32_BIT_CONVERSION = YES;
				GCC_WARN_ABOUT_RETURN_TYPE = YES_ERROR;
				GCC_WARN_UNDECLARED_SELECTOR = YES;
				GCC_WARN_UNINITIALIZED_AUTOS = YES_AGGRESSIVE;
				GCC_WARN_UNUSED_FUNCTION = YES;
				GCC_WARN_UNUSED_VARIABLE = YES;
				HEADER_SEARCH_PATHS = (
					/usr/local/include,
					/opt/boost_1_69_0,
				);
				LIBRARY_SEARCH_PATHS = /opt/boost_1_69_0/stage/lib;
				MTL_ENABLE_DEBUG_INFO = INCLUDE_SOURCE;
				MTL_FAST_MATH = YES;
				ONLY_ACTIVE_ARCH = YES;
				USE_HEADERMAP = NO;
			};
			name = Debug;
		};
		68F262B722030EA70078E5E4 /* Release */ = {
			isa = XCBuildConfiguration;
			buildSettings = {
				ALWAYS_SEARCH_USER_PATHS = NO;
				CLANG_ANALYZER_NONNULL = YES;
				CLANG_ANALYZER_NUMBER_OBJECT_CONVERSION = YES_AGGRESSIVE;
				CLANG_CXX_LANGUAGE_STANDARD = "gnu++14";
				CLANG_CXX_LIBRARY = "libc++";
				CLANG_ENABLE_MODULES = YES;
				CLANG_ENABLE_OBJC_ARC = YES;
				CLANG_ENABLE_OBJC_WEAK = YES;
				CLANG_WARN_BLOCK_CAPTURE_AUTORELEASING = YES;
				CLANG_WARN_BOOL_CONVERSION = YES;
				CLANG_WARN_COMMA = YES;
				CLANG_WARN_CONSTANT_CONVERSION = YES;
				CLANG_WARN_DEPRECATED_OBJC_IMPLEMENTATIONS = YES;
				CLANG_WARN_DIRECT_OBJC_ISA_USAGE = YES_ERROR;
				CLANG_WARN_DOCUMENTATION_COMMENTS = NO;
				CLANG_WARN_EMPTY_BODY = YES;
				CLANG_WARN_ENUM_CONVERSION = YES;
				CLANG_WARN_INFINITE_RECURSION = YES;
				CLANG_WARN_INT_CONVERSION = YES;
				CLANG_WARN_NON_LITERAL_NULL_CONVERSION = YES;
				CLANG_WARN_OBJC_IMPLICIT_RETAIN_SELF = YES;
				CLANG_WARN_OBJC_LITERAL_CONVERSION = YES;
				CLANG_WARN_OBJC_ROOT_CLASS = YES_ERROR;
				CLANG_WARN_RANGE_LOOP_ANALYSIS = YES;
				CLANG_WARN_STRICT_PROTOTYPES = YES;
				CLANG_WARN_SUSPICIOUS_MOVE = YES;
				CLANG_WARN_UNGUARDED_AVAILABILITY = YES_AGGRESSIVE;
				CLANG_WARN_UNREACHABLE_CODE = YES;
				CLANG_WARN__DUPLICATE_METHOD_MATCH = YES;
				COPY_PHASE_STRIP = NO;
				DEBUG_INFORMATION_FORMAT = "dwarf-with-dsym";
				ENABLE_NS_ASSERTIONS = NO;
				ENABLE_STRICT_OBJC_MSGSEND = YES;
				GCC_C_LANGUAGE_STANDARD = gnu11;
				GCC_NO_COMMON_BLOCKS = YES;
				GCC_PREPROCESSOR_DEFINITIONS = "";
				GCC_WARN_64_TO_32_BIT_CONVERSION = YES;
				GCC_WARN_ABOUT_RETURN_TYPE = YES_ERROR;
				GCC_WARN_UNDECLARED_SELECTOR = YES;
				GCC_WARN_UNINITIALIZED_AUTOS = YES_AGGRESSIVE;
				GCC_WARN_UNUSED_FUNCTION = YES;
				GCC_WARN_UNUSED_VARIABLE = YES;
				HEADER_SEARCH_PATHS = (
					/usr/local/include,
					/opt/boost_1_69_0,
				);
				LIBRARY_SEARCH_PATHS = /opt/boost_1_69_0/stage/lib;
				MTL_ENABLE_DEBUG_INFO = NO;
				MTL_FAST_MATH = YES;
				USE_HEADERMAP = NO;
			};
			name = Release;
		};
		68F262B922030EA70078E5E4 /* Debug */ = {
			isa = XCBuildConfiguration;
			buildSettings = {
				ASSETCATALOG_COMPILER_APPICON_NAME = AppIcon;
				CODE_SIGN_IDENTITY = "iPhone Developer";
				CODE_SIGN_STYLE = Automatic;
				DEVELOPMENT_TEAM = 8N564K3STX;
				INFOPLIST_FILE = "TTauri iOS/Info.plist";
				IPHONEOS_DEPLOYMENT_TARGET = 12.1;
				LD_RUNPATH_SEARCH_PATHS = (
					"$(inherited)",
					"@executable_path/Frameworks",
				);
				PRODUCT_BUNDLE_IDENTIFIER = nl.pokitec.TTauri;
				PRODUCT_NAME = TTauri;
				SDKROOT = iphoneos;
				TARGETED_DEVICE_FAMILY = "1,2";
			};
			name = Debug;
		};
		68F262BA22030EA70078E5E4 /* Release */ = {
			isa = XCBuildConfiguration;
			buildSettings = {
				ASSETCATALOG_COMPILER_APPICON_NAME = AppIcon;
				CODE_SIGN_IDENTITY = "iPhone Developer";
				CODE_SIGN_STYLE = Automatic;
				DEVELOPMENT_TEAM = 8N564K3STX;
				INFOPLIST_FILE = "TTauri iOS/Info.plist";
				IPHONEOS_DEPLOYMENT_TARGET = 12.1;
				LD_RUNPATH_SEARCH_PATHS = (
					"$(inherited)",
					"@executable_path/Frameworks",
				);
				PRODUCT_BUNDLE_IDENTIFIER = nl.pokitec.TTauri;
				PRODUCT_NAME = TTauri;
				SDKROOT = iphoneos;
				TARGETED_DEVICE_FAMILY = "1,2";
				VALIDATE_PRODUCT = YES;
			};
			name = Release;
		};
		68F262BC22030EA70078E5E4 /* Debug */ = {
			isa = XCBuildConfiguration;
			buildSettings = {
				ASSETCATALOG_COMPILER_APPICON_NAME = "tvOS App Icon & Top Shelf Image";
				ASSETCATALOG_COMPILER_LAUNCHIMAGE_NAME = "tvOS LaunchImage";
				CODE_SIGN_STYLE = Automatic;
				DEVELOPMENT_TEAM = 8N564K3STX;
				INFOPLIST_FILE = "TTauri tvOS/Info.plist";
				LD_RUNPATH_SEARCH_PATHS = (
					"$(inherited)",
					"@executable_path/Frameworks",
				);
				PRODUCT_BUNDLE_IDENTIFIER = nl.pokitec.TTauri;
				PRODUCT_NAME = TTauri;
				SDKROOT = appletvos;
				TARGETED_DEVICE_FAMILY = 3;
				TVOS_DEPLOYMENT_TARGET = 12.1;
			};
			name = Debug;
		};
		68F262BD22030EA70078E5E4 /* Release */ = {
			isa = XCBuildConfiguration;
			buildSettings = {
				ASSETCATALOG_COMPILER_APPICON_NAME = "tvOS App Icon & Top Shelf Image";
				ASSETCATALOG_COMPILER_LAUNCHIMAGE_NAME = "tvOS LaunchImage";
				CODE_SIGN_STYLE = Automatic;
				DEVELOPMENT_TEAM = 8N564K3STX;
				INFOPLIST_FILE = "TTauri tvOS/Info.plist";
				LD_RUNPATH_SEARCH_PATHS = (
					"$(inherited)",
					"@executable_path/Frameworks",
				);
				PRODUCT_BUNDLE_IDENTIFIER = nl.pokitec.TTauri;
				PRODUCT_NAME = TTauri;
				SDKROOT = appletvos;
				TARGETED_DEVICE_FAMILY = 3;
				TVOS_DEPLOYMENT_TARGET = 12.1;
				VALIDATE_PRODUCT = YES;
			};
			name = Release;
		};
		68F262BF22030EA70078E5E4 /* Debug */ = {
			isa = XCBuildConfiguration;
			buildSettings = {
				ASSETCATALOG_COMPILER_APPICON_NAME = AppIcon;
				CLANG_CXX_LANGUAGE_STANDARD = "c++17";
				CODE_SIGN_IDENTITY = "Mac Developer";
				CODE_SIGN_STYLE = Automatic;
				COMBINE_HIDPI_IMAGES = YES;
				DEVELOPMENT_TEAM = 8N564K3STX;
				FRAMEWORK_SEARCH_PATHS = (
					"$(inherited)",
					"$(USER_LIBRARY_DIR)/Frameworks",
				);
				GCC_PREPROCESSOR_DEFINITIONS = (
					"VK_USE_PLATFORM_MACOS_MVK=1",
					"DEBUG=1",
					"BOOST_FILESYSTEM_NO_DEPRECATED=1",
				);
				INFOPLIST_FILE = "TTauri macOS/Info.plist";
				LD_RUNPATH_SEARCH_PATHS = (
					"$(inherited)",
					"@executable_path/../Frameworks",
				);
				MACOSX_DEPLOYMENT_TARGET = 10.14;
				PRODUCT_BUNDLE_IDENTIFIER = nl.pokitec.TTauri;
				PRODUCT_NAME = TTauri;
				PROVISIONING_PROFILE_SPECIFIER = "";
				SDKROOT = macosx;
			};
			name = Debug;
		};
		68F262C022030EA70078E5E4 /* Release */ = {
			isa = XCBuildConfiguration;
			buildSettings = {
				ASSETCATALOG_COMPILER_APPICON_NAME = AppIcon;
				CLANG_CXX_LANGUAGE_STANDARD = "c++17";
				CODE_SIGN_IDENTITY = "Mac Developer";
				CODE_SIGN_STYLE = Automatic;
				COMBINE_HIDPI_IMAGES = YES;
				DEVELOPMENT_TEAM = 8N564K3STX;
				FRAMEWORK_SEARCH_PATHS = (
					"$(inherited)",
					"$(USER_LIBRARY_DIR)/Frameworks",
				);
				GCC_PREPROCESSOR_DEFINITIONS = (
					"BOOST_FILESYSTEM_NO_DEPRECATED=1",
					"VK_USE_PLATFORM_MACOS_MVK=1",
				);
				INFOPLIST_FILE = "TTauri macOS/Info.plist";
				LD_RUNPATH_SEARCH_PATHS = (
					"$(inherited)",
					"@executable_path/../Frameworks",
				);
				MACOSX_DEPLOYMENT_TARGET = 10.14;
				PRODUCT_BUNDLE_IDENTIFIER = nl.pokitec.TTauri;
				PRODUCT_NAME = TTauri;
				PROVISIONING_PROFILE_SPECIFIER = "";
				SDKROOT = macosx;
			};
			name = Release;
		};
/* End XCBuildConfiguration section */

/* Begin XCConfigurationList section */
		68F2626C22030EA30078E5E4 /* Build configuration list for PBXProject "TTauri" */ = {
			isa = XCConfigurationList;
			buildConfigurations = (
				68F262B622030EA70078E5E4 /* Debug */,
				68F262B722030EA70078E5E4 /* Release */,
			);
			defaultConfigurationIsVisible = 0;
			defaultConfigurationName = Release;
		};
		68F262B822030EA70078E5E4 /* Build configuration list for PBXNativeTarget "TTauri iOS" */ = {
			isa = XCConfigurationList;
			buildConfigurations = (
				68F262B922030EA70078E5E4 /* Debug */,
				68F262BA22030EA70078E5E4 /* Release */,
			);
			defaultConfigurationIsVisible = 0;
			defaultConfigurationName = Release;
		};
		68F262BB22030EA70078E5E4 /* Build configuration list for PBXNativeTarget "TTauri tvOS" */ = {
			isa = XCConfigurationList;
			buildConfigurations = (
				68F262BC22030EA70078E5E4 /* Debug */,
				68F262BD22030EA70078E5E4 /* Release */,
			);
			defaultConfigurationIsVisible = 0;
			defaultConfigurationName = Release;
		};
		68F262BE22030EA70078E5E4 /* Build configuration list for PBXNativeTarget "TTauri macOS" */ = {
			isa = XCConfigurationList;
			buildConfigurations = (
				68F262BF22030EA70078E5E4 /* Debug */,
				68F262C022030EA70078E5E4 /* Release */,
			);
			defaultConfigurationIsVisible = 0;
			defaultConfigurationName = Release;
		};
/* End XCConfigurationList section */
	};
	rootObject = 68F2626922030EA30078E5E4 /* Project object */;
}
